PODS:
  - Disk (0.3.3)
  - Kingfisher (4.6.2)
  - ObjectMapper (3.1.0)

DEPENDENCIES:
  - Disk
  - Kingfisher (~> 4.0)
  - ObjectMapper (~> 3.1)

SPEC CHECKSUMS:
  Disk: d1f55cd61f6ca20f368232d0c6e37e3c3dfcb63e
  Kingfisher: 55b9c395bf8d3949676ad3861111923990ab68cf
  ObjectMapper: 20505058f54e5c3ca69e1d6de9897d152a5369a6

PODFILE CHECKSUM: 02e5b66c1c92f2c73a6cf6aa753e79fc1b42b943

COCOAPODS: 1.4.0
