// !$*UTF8*$!
{
	archiveVersion = 1;
	classes = {
	};
	objectVersion = 48;
	objects = {

/* Begin PBXBuildFile section */
		667E1A4949A1846B345ED272 /* Pods_Notebowl_Mobile.framework in Frameworks */ = {isa = PBXBuildFile; fileRef = 09E6DCD307FC92207A301B39 /* Pods_Notebowl_Mobile.framework */; };
		8522D05C20FE816400BCBD88 /* NotebowlMobileTests.swift in Sources */ = {isa = PBXBuildFile; fileRef = 8522D05B20FE816400BCBD88 /* NotebowlMobileTests.swift */; };
		852462A720B5FC0E00E944E2 /* NBBuilder.swift in Sources */ = {isa = PBXBuildFile; fileRef = 852462A620B5FC0E00E944E2 /* NBBuilder.swift */; };
		852462A920B5FE5A00E944E2 /* NBHelpers.swift in Sources */ = {isa = PBXBuildFile; fileRef = 852462A820B5FE5A00E944E2 /* NBHelpers.swift */; };
		852462AB20B6035800E944E2 /* NBResult.swift in Sources */ = {isa = PBXBuildFile; fileRef = 852462AA20B6035800E944E2 /* NBResult.swift */; };
		85250A0F202A1B730003A416 /* DefaultPreferences.plist in Resources */ = {isa = PBXBuildFile; fileRef = 85250A0E202A1B730003A416 /* DefaultPreferences.plist */; };
		85250A11202A1BE90003A416 /* Login.storyboard in Resources */ = {isa = PBXBuildFile; fileRef = 85250A10202A1BE90003A416 /* Login.storyboard */; };
		85250A14202A2DC50003A416 /* NBLoadingView.swift in Sources */ = {isa = PBXBuildFile; fileRef = 85250A12202A2DC50003A416 /* NBLoadingView.swift */; };
		85250A15202A2DC50003A416 /* QCMethod.swift in Sources */ = {isa = PBXBuildFile; fileRef = 85250A13202A2DC50003A416 /* QCMethod.swift */; };
		85252DEA20B4225000A67102 /* DownloadService.swift in Sources */ = {isa = PBXBuildFile; fileRef = 85252DE920B4225000A67102 /* DownloadService.swift */; };
		852702C12061E18E00CA04B3 /* HomeFeedPostViewController.swift in Sources */ = {isa = PBXBuildFile; fileRef = 852702C02061E18E00CA04B3 /* HomeFeedPostViewController.swift */; };
		852CB61C210FA46600B07ED9 /* NBUITests.swift in Sources */ = {isa = PBXBuildFile; fileRef = 852CB61B210FA46600B07ED9 /* NBUITests.swift */; };
		852CB628210FBB0E00B07ED9 /* LoremSwiftum.swift in Sources */ = {isa = PBXBuildFile; fileRef = 852CB627210FBB0E00B07ED9 /* LoremSwiftum.swift */; };
		852CB62A210FC38B00B07ED9 /* LoremSwiftum.swift in Sources */ = {isa = PBXBuildFile; fileRef = 852CB627210FBB0E00B07ED9 /* LoremSwiftum.swift */; };
		8531ACB31FC4EA9F00EC72FA /* Extensions.swift in Sources */ = {isa = PBXBuildFile; fileRef = 8531ACB21FC4EA9F00EC72FA /* Extensions.swift */; };
		853280DF205B2EB8003D08F9 /* HomeFeedPostCell.swift in Sources */ = {isa = PBXBuildFile; fileRef = 853280DD205B2EB8003D08F9 /* HomeFeedPostCell.swift */; };
		853280E0205B2EB8003D08F9 /* HomeFeedPostCell.xib in Resources */ = {isa = PBXBuildFile; fileRef = 853280DE205B2EB8003D08F9 /* HomeFeedPostCell.xib */; };
		85348E7720463E3A00ABD877 /* Enums.swift in Sources */ = {isa = PBXBuildFile; fileRef = 85348E7520463E3A00ABD877 /* Enums.swift */; };
		85348E7820463E3A00ABD877 /* ProgressWebViewController.swift in Sources */ = {isa = PBXBuildFile; fileRef = 85348E7620463E3A00ABD877 /* ProgressWebViewController.swift */; };
		8534A19F2045CF1B0001B5BA /* RootViewController.swift in Sources */ = {isa = PBXBuildFile; fileRef = 8534A19E2045CF1B0001B5BA /* RootViewController.swift */; };
		8538F6E8212F65440072D288 /* SnapshotHelper.swift in Sources */ = {isa = PBXBuildFile; fileRef = 8538F6E7212F65430072D288 /* SnapshotHelper.swift */; };
		8538F6EA212F65830072D288 /* SnapshotUITests.swift in Sources */ = {isa = PBXBuildFile; fileRef = 8538F6E9212F65830072D288 /* SnapshotUITests.swift */; };
		85429AE22047732800E34C7D /* CourseAssignmentsTableView.swift in Sources */ = {isa = PBXBuildFile; fileRef = 85429AE12047732800E34C7D /* CourseAssignmentsTableView.swift */; };
		85429AE42047736F00E34C7D /* CourseAssignmentCellView.swift in Sources */ = {isa = PBXBuildFile; fileRef = 85429AE32047736F00E34C7D /* CourseAssignmentCellView.swift */; };
		8549648820D996B300366C60 /* NotificationSettingCell.swift in Sources */ = {isa = PBXBuildFile; fileRef = 8549648620D996B300366C60 /* NotificationSettingCell.swift */; };
		8549648920D996B300366C60 /* NotificationSettingCell.xib in Resources */ = {isa = PBXBuildFile; fileRef = 8549648720D996B300366C60 /* NotificationSettingCell.xib */; };
		85551B1720E6F94900E88BA6 /* Pods-Notebowl Mobile-acknowledgements.plist in Resources */ = {isa = PBXBuildFile; fileRef = 85551B1620E6F94900E88BA6 /* Pods-Notebowl Mobile-acknowledgements.plist */; };
		85689C502077F154003FF721 /* CreateNewPostViewController.swift in Sources */ = {isa = PBXBuildFile; fileRef = 85689C4F2077F153003FF721 /* CreateNewPostViewController.swift */; };
		856CC94D20813BED0096A13F /* TTLog.swift in Sources */ = {isa = PBXBuildFile; fileRef = 856CC94C20813BED0096A13F /* TTLog.swift */; };
		856E9A03209D82A300D167B4 /* PickerViewViewController.swift in Sources */ = {isa = PBXBuildFile; fileRef = 856E9A02209D82A300D167B4 /* PickerViewViewController.swift */; };
		8583F6C62034AFEA00313C9D /* NotificationsTableViewController.swift in Sources */ = {isa = PBXBuildFile; fileRef = 8583F6C52034AFEA00313C9D /* NotificationsTableViewController.swift */; };
		8583F6C82034B00F00313C9D /* NotificationsTableViewCell.swift in Sources */ = {isa = PBXBuildFile; fileRef = 8583F6C72034B00F00313C9D /* NotificationsTableViewCell.swift */; };
		8587DE612107EBFD00B41DB6 /* PostUITests.swift in Sources */ = {isa = PBXBuildFile; fileRef = 8587DE602107EBFD00B41DB6 /* PostUITests.swift */; };
		8587DE632107EC0A00B41DB6 /* CommentUITests.swift in Sources */ = {isa = PBXBuildFile; fileRef = 8587DE622107EC0A00B41DB6 /* CommentUITests.swift */; };
		8587DE652107EC1D00B41DB6 /* NotificationUITests.swift in Sources */ = {isa = PBXBuildFile; fileRef = 8587DE642107EC1D00B41DB6 /* NotificationUITests.swift */; };
		8587DE672107EC5400B41DB6 /* MiscAppUITests.swift in Sources */ = {isa = PBXBuildFile; fileRef = 8587DE662107EC5400B41DB6 /* MiscAppUITests.swift */; };
		8595017220A2614E004640B3 /* IndexedCollectionViewCell.swift in Sources */ = {isa = PBXBuildFile; fileRef = 8595017020A2614E004640B3 /* IndexedCollectionViewCell.swift */; };
		8595017320A2614E004640B3 /* IndexedCollectionViewCell.xib in Resources */ = {isa = PBXBuildFile; fileRef = 8595017120A2614E004640B3 /* IndexedCollectionViewCell.xib */; };
		859BB17D212DDA6C009745A4 /* PostDetailViewUITests.swift in Sources */ = {isa = PBXBuildFile; fileRef = 859BB17C212DDA6C009745A4 /* PostDetailViewUITests.swift */; };
		85A71DA52076E35100A51075 /* BulletinTableViewHeader.swift in Sources */ = {isa = PBXBuildFile; fileRef = 85A71DA32076E35100A51075 /* BulletinTableViewHeader.swift */; };
		85A71DA62076E35100A51075 /* BulletinTableViewHeader.xib in Resources */ = {isa = PBXBuildFile; fileRef = 85A71DA42076E35100A51075 /* BulletinTableViewHeader.xib */; };
		85B1FDBF1FCDEC5800F0A81C /* NBClient.swift in Sources */ = {isa = PBXBuildFile; fileRef = 85B1FDBE1FCDEC5800F0A81C /* NBClient.swift */; };
		85C5EA99208793A0005B8A22 /* NBSocket.swift in Sources */ = {isa = PBXBuildFile; fileRef = 85C5EA98208793A0005B8A22 /* NBSocket.swift */; };
		85CC2DEA20873267007073BD /* PlaceholderTextView.swift in Sources */ = {isa = PBXBuildFile; fileRef = 85CC2DE920873267007073BD /* PlaceholderTextView.swift */; };
		85CC9BF7202B903C001CABB0 /* HomeFeedViewController.swift in Sources */ = {isa = PBXBuildFile; fileRef = 85CC9BF6202B903C001CABB0 /* HomeFeedViewController.swift */; };
		85DF6C94206C449A001E0CAE /* AccountModalViewController.swift in Sources */ = {isa = PBXBuildFile; fileRef = 85DF6C93206C449A001E0CAE /* AccountModalViewController.swift */; };
		85E291911F5F619300172C46 /* AppDelegate.swift in Sources */ = {isa = PBXBuildFile; fileRef = 85E291901F5F619300172C46 /* AppDelegate.swift */; };
		85E291961F5F619300172C46 /* Main.storyboard in Resources */ = {isa = PBXBuildFile; fileRef = 85E291941F5F619300172C46 /* Main.storyboard */; };
		85E291981F5F619300172C46 /* Assets.xcassets in Resources */ = {isa = PBXBuildFile; fileRef = 85E291971F5F619300172C46 /* Assets.xcassets */; };
		85E2919B1F5F619300172C46 /* LaunchScreen.storyboard in Resources */ = {isa = PBXBuildFile; fileRef = 85E291991F5F619300172C46 /* LaunchScreen.storyboard */; };
		85E3057420DAB2390019131D /* SettingsTableViewHeader.swift in Sources */ = {isa = PBXBuildFile; fileRef = 85E3057320DAB2390019131D /* SettingsTableViewHeader.swift */; };
		85E3057620DAB27B0019131D /* SettingsTableViewHeader.xib in Resources */ = {isa = PBXBuildFile; fileRef = 85E3057520DAB27B0019131D /* SettingsTableViewHeader.xib */; };
		85E7E01B1FE97F4F00ECF5F8 /* MainTabBarViewController.swift in Sources */ = {isa = PBXBuildFile; fileRef = 85E7E01A1FE97F4F00ECF5F8 /* MainTabBarViewController.swift */; };
		85F4545A1FE0A888006D8B77 /* CoursesTableViewController.swift in Sources */ = {isa = PBXBuildFile; fileRef = 85F454591FE0A888006D8B77 /* CoursesTableViewController.swift */; };
		85F4545C1FE0AA12006D8B77 /* CoursesTableViewCell.swift in Sources */ = {isa = PBXBuildFile; fileRef = 85F4545B1FE0AA12006D8B77 /* CoursesTableViewCell.swift */; };
		85F4D03320605865001C7020 /* HomeFeedCommentCell.swift in Sources */ = {isa = PBXBuildFile; fileRef = 85F4D03120605865001C7020 /* HomeFeedCommentCell.swift */; };
		85F4D03420605865001C7020 /* HomeFeedCommentCell.xib in Resources */ = {isa = PBXBuildFile; fileRef = 85F4D03220605865001C7020 /* HomeFeedCommentCell.xib */; };
		85FB4664210FE33F00151E7F /* StaticValues.swift in Sources */ = {isa = PBXBuildFile; fileRef = 85FB4663210FE33F00151E7F /* StaticValues.swift */; };
		85FCF0C720D86F1D0049737E /* SettingsTableViewController.swift in Sources */ = {isa = PBXBuildFile; fileRef = 85FCF0C620D86F1C0049737E /* SettingsTableViewController.swift */; };
		85FF86112006A1BA0080D223 /* MappableModels.swift in Sources */ = {isa = PBXBuildFile; fileRef = 85FF86102006A1BA0080D223 /* MappableModels.swift */; };
		C9F2B88DA4FF113B623B31A0 /* Pods_NotebowlMobileUITests.framework in Frameworks */ = {isa = PBXBuildFile; fileRef = 8E227BE533AF1A1693186E53 /* Pods_NotebowlMobileUITests.framework */; };
/* End PBXBuildFile section */

/* Begin PBXContainerItemProxy section */
		8522D04D20FE7B2C00BCBD88 /* PBXContainerItemProxy */ = {
			isa = PBXContainerItemProxy;
			containerPortal = 85E291851F5F619300172C46 /* Project object */;
			proxyType = 1;
			remoteGlobalIDString = 85E2918C1F5F619300172C46;
			remoteInfo = "Notebowl Mobile";
		};
		8522D05E20FE816400BCBD88 /* PBXContainerItemProxy */ = {
			isa = PBXContainerItemProxy;
			containerPortal = 85E291851F5F619300172C46 /* Project object */;
			proxyType = 1;
			remoteGlobalIDString = 85E2918C1F5F619300172C46;
			remoteInfo = "Notebowl Mobile";
		};
/* End PBXContainerItemProxy section */

/* Begin PBXFileReference section */
		09E6DCD307FC92207A301B39 /* Pods_Notebowl_Mobile.framework */ = {isa = PBXFileReference; explicitFileType = wrapper.framework; includeInIndex = 0; path = Pods_Notebowl_Mobile.framework; sourceTree = BUILT_PRODUCTS_DIR; };
		3E8127B27DA8552A052240A6 /* Pods-Notebowl Mobile.prod.xcconfig */ = {isa = PBXFileReference; includeInIndex = 1; lastKnownFileType = text.xcconfig; name = "Pods-Notebowl Mobile.prod.xcconfig"; path = "Pods/Target Support Files/Pods-Notebowl Mobile/Pods-Notebowl Mobile.prod.xcconfig"; sourceTree = "<group>"; };
		410A296A3E39BFA455BC0756 /* Pods-Notebowl Mobile.release.xcconfig */ = {isa = PBXFileReference; includeInIndex = 1; lastKnownFileType = text.xcconfig; name = "Pods-Notebowl Mobile.release.xcconfig"; path = "Pods/Target Support Files/Pods-Notebowl Mobile/Pods-Notebowl Mobile.release.xcconfig"; sourceTree = "<group>"; };
		4BD64539E8C35D15042B5A30 /* Pods-Notebowl Mobile.testflight.xcconfig */ = {isa = PBXFileReference; includeInIndex = 1; lastKnownFileType = text.xcconfig; name = "Pods-Notebowl Mobile.testflight.xcconfig"; path = "Pods/Target Support Files/Pods-Notebowl Mobile/Pods-Notebowl Mobile.testflight.xcconfig"; sourceTree = "<group>"; };
		54079A7139C34E172088EEF6 /* Pods-Notebowl Mobile.debug.xcconfig */ = {isa = PBXFileReference; includeInIndex = 1; lastKnownFileType = text.xcconfig; name = "Pods-Notebowl Mobile.debug.xcconfig"; path = "Pods/Target Support Files/Pods-Notebowl Mobile/Pods-Notebowl Mobile.debug.xcconfig"; sourceTree = "<group>"; };
		6E5579BB75D3C7250924C139 /* Pods-NotebowlMobileUITests.debug.xcconfig */ = {isa = PBXFileReference; includeInIndex = 1; lastKnownFileType = text.xcconfig; name = "Pods-NotebowlMobileUITests.debug.xcconfig"; path = "Pods/Target Support Files/Pods-NotebowlMobileUITests/Pods-NotebowlMobileUITests.debug.xcconfig"; sourceTree = "<group>"; };
		8522D04820FE7B2C00BCBD88 /* NotebowlMobileUITests.xctest */ = {isa = PBXFileReference; explicitFileType = wrapper.cfbundle; includeInIndex = 0; path = NotebowlMobileUITests.xctest; sourceTree = BUILT_PRODUCTS_DIR; };
		8522D04C20FE7B2C00BCBD88 /* Info.plist */ = {isa = PBXFileReference; lastKnownFileType = text.plist.xml; path = Info.plist; sourceTree = "<group>"; };
		8522D05920FE816400BCBD88 /* NotebowlMobileTests.xctest */ = {isa = PBXFileReference; explicitFileType = wrapper.cfbundle; includeInIndex = 0; path = NotebowlMobileTests.xctest; sourceTree = BUILT_PRODUCTS_DIR; };
		8522D05B20FE816400BCBD88 /* NotebowlMobileTests.swift */ = {isa = PBXFileReference; lastKnownFileType = sourcecode.swift; path = NotebowlMobileTests.swift; sourceTree = "<group>"; };
		8522D05D20FE816400BCBD88 /* Info.plist */ = {isa = PBXFileReference; lastKnownFileType = text.plist.xml; path = Info.plist; sourceTree = "<group>"; };
		852462A620B5FC0E00E944E2 /* NBBuilder.swift */ = {isa = PBXFileReference; lastKnownFileType = sourcecode.swift; path = NBBuilder.swift; sourceTree = "<group>"; };
		852462A820B5FE5A00E944E2 /* NBHelpers.swift */ = {isa = PBXFileReference; lastKnownFileType = sourcecode.swift; path = NBHelpers.swift; sourceTree = "<group>"; };
		852462AA20B6035800E944E2 /* NBResult.swift */ = {isa = PBXFileReference; lastKnownFileType = sourcecode.swift; path = NBResult.swift; sourceTree = "<group>"; };
		85250A0E202A1B730003A416 /* DefaultPreferences.plist */ = {isa = PBXFileReference; fileEncoding = 4; lastKnownFileType = text.plist.xml; path = DefaultPreferences.plist; sourceTree = "<group>"; };
		85250A10202A1BE90003A416 /* Login.storyboard */ = {isa = PBXFileReference; lastKnownFileType = file.storyboard; path = Login.storyboard; sourceTree = "<group>"; };
		85250A12202A2DC50003A416 /* NBLoadingView.swift */ = {isa = PBXFileReference; fileEncoding = 4; lastKnownFileType = sourcecode.swift; path = NBLoadingView.swift; sourceTree = "<group>"; };
		85250A13202A2DC50003A416 /* QCMethod.swift */ = {isa = PBXFileReference; fileEncoding = 4; lastKnownFileType = sourcecode.swift; path = QCMethod.swift; sourceTree = "<group>"; };
		85252DE920B4225000A67102 /* DownloadService.swift */ = {isa = PBXFileReference; lastKnownFileType = sourcecode.swift; path = DownloadService.swift; sourceTree = "<group>"; };
		852702C02061E18E00CA04B3 /* HomeFeedPostViewController.swift */ = {isa = PBXFileReference; fileEncoding = 4; lastKnownFileType = sourcecode.swift; path = HomeFeedPostViewController.swift; sourceTree = "<group>"; };
		8529E5622047D0B700D1E41D /* QuartzCore.framework */ = {isa = PBXFileReference; lastKnownFileType = wrapper.framework; name = QuartzCore.framework; path = System/Library/Frameworks/QuartzCore.framework; sourceTree = SDKROOT; };
		852CB61B210FA46600B07ED9 /* NBUITests.swift */ = {isa = PBXFileReference; lastKnownFileType = sourcecode.swift; path = NBUITests.swift; sourceTree = "<group>"; };
		852CB627210FBB0E00B07ED9 /* LoremSwiftum.swift */ = {isa = PBXFileReference; fileEncoding = 4; lastKnownFileType = sourcecode.swift; path = LoremSwiftum.swift; sourceTree = "<group>"; };
		8531ACB21FC4EA9F00EC72FA /* Extensions.swift */ = {isa = PBXFileReference; lastKnownFileType = sourcecode.swift; path = Extensions.swift; sourceTree = "<group>"; };
		853280DD205B2EB8003D08F9 /* HomeFeedPostCell.swift */ = {isa = PBXFileReference; lastKnownFileType = sourcecode.swift; path = HomeFeedPostCell.swift; sourceTree = "<group>"; };
		853280DE205B2EB8003D08F9 /* HomeFeedPostCell.xib */ = {isa = PBXFileReference; lastKnownFileType = file.xib; path = HomeFeedPostCell.xib; sourceTree = "<group>"; };
		85348E7520463E3A00ABD877 /* Enums.swift */ = {isa = PBXFileReference; fileEncoding = 4; lastKnownFileType = sourcecode.swift; path = Enums.swift; sourceTree = "<group>"; };
		85348E7620463E3A00ABD877 /* ProgressWebViewController.swift */ = {isa = PBXFileReference; fileEncoding = 4; lastKnownFileType = sourcecode.swift; path = ProgressWebViewController.swift; sourceTree = "<group>"; };
		8534A19E2045CF1B0001B5BA /* RootViewController.swift */ = {isa = PBXFileReference; lastKnownFileType = sourcecode.swift; path = RootViewController.swift; sourceTree = "<group>"; };
		8538F6E7212F65430072D288 /* SnapshotHelper.swift */ = {isa = PBXFileReference; fileEncoding = 4; lastKnownFileType = sourcecode.swift; path = SnapshotHelper.swift; sourceTree = "<group>"; };
		8538F6E9212F65830072D288 /* SnapshotUITests.swift */ = {isa = PBXFileReference; lastKnownFileType = sourcecode.swift; path = SnapshotUITests.swift; sourceTree = "<group>"; };
		853A3003211146BA006F86DD /* Notebowl-Mobile-Bridging-Header.h */ = {isa = PBXFileReference; lastKnownFileType = sourcecode.c.h; path = "Notebowl-Mobile-Bridging-Header.h"; sourceTree = "<group>"; };
		85429AE12047732800E34C7D /* CourseAssignmentsTableView.swift */ = {isa = PBXFileReference; lastKnownFileType = sourcecode.swift; path = CourseAssignmentsTableView.swift; sourceTree = "<group>"; };
		85429AE32047736F00E34C7D /* CourseAssignmentCellView.swift */ = {isa = PBXFileReference; lastKnownFileType = sourcecode.swift; path = CourseAssignmentCellView.swift; sourceTree = "<group>"; };
		8549648620D996B300366C60 /* NotificationSettingCell.swift */ = {isa = PBXFileReference; lastKnownFileType = sourcecode.swift; path = NotificationSettingCell.swift; sourceTree = "<group>"; };
		8549648720D996B300366C60 /* NotificationSettingCell.xib */ = {isa = PBXFileReference; lastKnownFileType = file.xib; path = NotificationSettingCell.xib; sourceTree = "<group>"; };
		85551B1620E6F94900E88BA6 /* Pods-Notebowl Mobile-acknowledgements.plist */ = {isa = PBXFileReference; fileEncoding = 4; lastKnownFileType = text.plist.xml; name = "Pods-Notebowl Mobile-acknowledgements.plist"; path = "Pods/Target Support Files/Pods-Notebowl Mobile/Pods-Notebowl Mobile-acknowledgements.plist"; sourceTree = SOURCE_ROOT; };
		85689C4F2077F153003FF721 /* CreateNewPostViewController.swift */ = {isa = PBXFileReference; lastKnownFileType = sourcecode.swift; path = CreateNewPostViewController.swift; sourceTree = "<group>"; };
		856CC94C20813BED0096A13F /* TTLog.swift */ = {isa = PBXFileReference; fileEncoding = 4; lastKnownFileType = sourcecode.swift; path = TTLog.swift; sourceTree = "<group>"; };
		856E9A02209D82A300D167B4 /* PickerViewViewController.swift */ = {isa = PBXFileReference; fileEncoding = 4; lastKnownFileType = sourcecode.swift; path = PickerViewViewController.swift; sourceTree = "<group>"; };
		856EE668202524DF00D8089D /* Notebowl Mobile.entitlements */ = {isa = PBXFileReference; lastKnownFileType = text.plist.entitlements; path = "Notebowl Mobile.entitlements"; sourceTree = "<group>"; };
		8583F6C52034AFEA00313C9D /* NotificationsTableViewController.swift */ = {isa = PBXFileReference; lastKnownFileType = sourcecode.swift; path = NotificationsTableViewController.swift; sourceTree = "<group>"; };
		8583F6C72034B00F00313C9D /* NotificationsTableViewCell.swift */ = {isa = PBXFileReference; lastKnownFileType = sourcecode.swift; path = NotificationsTableViewCell.swift; sourceTree = "<group>"; };
		8587DE602107EBFD00B41DB6 /* PostUITests.swift */ = {isa = PBXFileReference; lastKnownFileType = sourcecode.swift; path = PostUITests.swift; sourceTree = "<group>"; };
		8587DE622107EC0A00B41DB6 /* CommentUITests.swift */ = {isa = PBXFileReference; lastKnownFileType = sourcecode.swift; path = CommentUITests.swift; sourceTree = "<group>"; };
		8587DE642107EC1D00B41DB6 /* NotificationUITests.swift */ = {isa = PBXFileReference; lastKnownFileType = sourcecode.swift; path = NotificationUITests.swift; sourceTree = "<group>"; };
		8587DE662107EC5400B41DB6 /* MiscAppUITests.swift */ = {isa = PBXFileReference; lastKnownFileType = sourcecode.swift; path = MiscAppUITests.swift; sourceTree = "<group>"; };
		8595017020A2614E004640B3 /* IndexedCollectionViewCell.swift */ = {isa = PBXFileReference; lastKnownFileType = sourcecode.swift; path = IndexedCollectionViewCell.swift; sourceTree = "<group>"; };
		8595017120A2614E004640B3 /* IndexedCollectionViewCell.xib */ = {isa = PBXFileReference; lastKnownFileType = file.xib; path = IndexedCollectionViewCell.xib; sourceTree = "<group>"; };
		859BB17C212DDA6C009745A4 /* PostDetailViewUITests.swift */ = {isa = PBXFileReference; lastKnownFileType = sourcecode.swift; path = PostDetailViewUITests.swift; sourceTree = "<group>"; };
		85A71DA32076E35100A51075 /* BulletinTableViewHeader.swift */ = {isa = PBXFileReference; lastKnownFileType = sourcecode.swift; path = BulletinTableViewHeader.swift; sourceTree = "<group>"; };
		85A71DA42076E35100A51075 /* BulletinTableViewHeader.xib */ = {isa = PBXFileReference; lastKnownFileType = file.xib; path = BulletinTableViewHeader.xib; sourceTree = "<group>"; };
		85B1FDBE1FCDEC5800F0A81C /* NBClient.swift */ = {isa = PBXFileReference; lastKnownFileType = sourcecode.swift; path = NBClient.swift; sourceTree = "<group>"; };
		85C5EA98208793A0005B8A22 /* NBSocket.swift */ = {isa = PBXFileReference; lastKnownFileType = sourcecode.swift; path = NBSocket.swift; sourceTree = "<group>"; };
		85CC2DE920873267007073BD /* PlaceholderTextView.swift */ = {isa = PBXFileReference; fileEncoding = 4; lastKnownFileType = sourcecode.swift; path = PlaceholderTextView.swift; sourceTree = "<group>"; };
		85CC9BF6202B903C001CABB0 /* HomeFeedViewController.swift */ = {isa = PBXFileReference; lastKnownFileType = sourcecode.swift; path = HomeFeedViewController.swift; sourceTree = "<group>"; };
		85DF6C93206C449A001E0CAE /* AccountModalViewController.swift */ = {isa = PBXFileReference; lastKnownFileType = sourcecode.swift; path = AccountModalViewController.swift; sourceTree = "<group>"; };
		85E2918D1F5F619300172C46 /* Notebowl Mobile.app */ = {isa = PBXFileReference; explicitFileType = wrapper.application; includeInIndex = 0; path = "Notebowl Mobile.app"; sourceTree = BUILT_PRODUCTS_DIR; };
		85E291901F5F619300172C46 /* AppDelegate.swift */ = {isa = PBXFileReference; lastKnownFileType = sourcecode.swift; path = AppDelegate.swift; sourceTree = "<group>"; };
		85E291951F5F619300172C46 /* Base */ = {isa = PBXFileReference; lastKnownFileType = file.storyboard; name = Base; path = Base.lproj/Main.storyboard; sourceTree = "<group>"; };
		85E291971F5F619300172C46 /* Assets.xcassets */ = {isa = PBXFileReference; lastKnownFileType = folder.assetcatalog; path = Assets.xcassets; sourceTree = "<group>"; };
		85E2919A1F5F619300172C46 /* Base */ = {isa = PBXFileReference; lastKnownFileType = file.storyboard; name = Base; path = Base.lproj/LaunchScreen.storyboard; sourceTree = "<group>"; };
		85E2919C1F5F619300172C46 /* Info.plist */ = {isa = PBXFileReference; lastKnownFileType = text.plist.xml; path = Info.plist; sourceTree = "<group>"; };
		85E3057320DAB2390019131D /* SettingsTableViewHeader.swift */ = {isa = PBXFileReference; lastKnownFileType = sourcecode.swift; path = SettingsTableViewHeader.swift; sourceTree = "<group>"; };
		85E3057520DAB27B0019131D /* SettingsTableViewHeader.xib */ = {isa = PBXFileReference; lastKnownFileType = file.xib; path = SettingsTableViewHeader.xib; sourceTree = "<group>"; };
		85E7E01A1FE97F4F00ECF5F8 /* MainTabBarViewController.swift */ = {isa = PBXFileReference; lastKnownFileType = sourcecode.swift; path = MainTabBarViewController.swift; sourceTree = "<group>"; };
		85F454591FE0A888006D8B77 /* CoursesTableViewController.swift */ = {isa = PBXFileReference; lastKnownFileType = sourcecode.swift; path = CoursesTableViewController.swift; sourceTree = "<group>"; };
		85F4545B1FE0AA12006D8B77 /* CoursesTableViewCell.swift */ = {isa = PBXFileReference; lastKnownFileType = sourcecode.swift; path = CoursesTableViewCell.swift; sourceTree = "<group>"; };
		85F4D03120605865001C7020 /* HomeFeedCommentCell.swift */ = {isa = PBXFileReference; lastKnownFileType = sourcecode.swift; path = HomeFeedCommentCell.swift; sourceTree = "<group>"; };
		85F4D03220605865001C7020 /* HomeFeedCommentCell.xib */ = {isa = PBXFileReference; lastKnownFileType = file.xib; path = HomeFeedCommentCell.xib; sourceTree = "<group>"; };
		85FB4663210FE33F00151E7F /* StaticValues.swift */ = {isa = PBXFileReference; lastKnownFileType = sourcecode.swift; path = StaticValues.swift; sourceTree = "<group>"; };
		85FCF0C620D86F1C0049737E /* SettingsTableViewController.swift */ = {isa = PBXFileReference; lastKnownFileType = sourcecode.swift; path = SettingsTableViewController.swift; sourceTree = "<group>"; };
		85FF86102006A1BA0080D223 /* MappableModels.swift */ = {isa = PBXFileReference; lastKnownFileType = sourcecode.swift; path = MappableModels.swift; sourceTree = "<group>"; };
		88E9B2CEB79AC0B662B12815 /* Pods-NotebowlMobileUITests.testflight.xcconfig */ = {isa = PBXFileReference; includeInIndex = 1; lastKnownFileType = text.xcconfig; name = "Pods-NotebowlMobileUITests.testflight.xcconfig"; path = "Pods/Target Support Files/Pods-NotebowlMobileUITests/Pods-NotebowlMobileUITests.testflight.xcconfig"; sourceTree = "<group>"; };
		8E227BE533AF1A1693186E53 /* Pods_NotebowlMobileUITests.framework */ = {isa = PBXFileReference; explicitFileType = wrapper.framework; includeInIndex = 0; path = Pods_NotebowlMobileUITests.framework; sourceTree = BUILT_PRODUCTS_DIR; };
		9E2481BA85725F1AA813F18C /* Pods-NotebowlMobileUITests.release.xcconfig */ = {isa = PBXFileReference; includeInIndex = 1; lastKnownFileType = text.xcconfig; name = "Pods-NotebowlMobileUITests.release.xcconfig"; path = "Pods/Target Support Files/Pods-NotebowlMobileUITests/Pods-NotebowlMobileUITests.release.xcconfig"; sourceTree = "<group>"; };
		A269D2501F5E28E05ECA06BE /* Pods-NotebowlMobileUITests.prod.xcconfig */ = {isa = PBXFileReference; includeInIndex = 1; lastKnownFileType = text.xcconfig; name = "Pods-NotebowlMobileUITests.prod.xcconfig"; path = "Pods/Target Support Files/Pods-NotebowlMobileUITests/Pods-NotebowlMobileUITests.prod.xcconfig"; sourceTree = "<group>"; };
		EDFC7837F5A700769C68A0C2 /* Pods-Notebowl Mobile.staging.xcconfig */ = {isa = PBXFileReference; includeInIndex = 1; lastKnownFileType = text.xcconfig; name = "Pods-Notebowl Mobile.staging.xcconfig"; path = "Pods/Target Support Files/Pods-Notebowl Mobile/Pods-Notebowl Mobile.staging.xcconfig"; sourceTree = "<group>"; };
		F960C56ACB19ECD18F767786 /* Pods-NotebowlMobileUITests.staging.xcconfig */ = {isa = PBXFileReference; includeInIndex = 1; lastKnownFileType = text.xcconfig; name = "Pods-NotebowlMobileUITests.staging.xcconfig"; path = "Pods/Target Support Files/Pods-NotebowlMobileUITests/Pods-NotebowlMobileUITests.staging.xcconfig"; sourceTree = "<group>"; };
/* End PBXFileReference section */

/* Begin PBXFrameworksBuildPhase section */
		8522D04520FE7B2C00BCBD88 /* Frameworks */ = {
			isa = PBXFrameworksBuildPhase;
			buildActionMask = 2147483647;
			files = (
				C9F2B88DA4FF113B623B31A0 /* Pods_NotebowlMobileUITests.framework in Frameworks */,
			);
			runOnlyForDeploymentPostprocessing = 0;
		};
		8522D05620FE816400BCBD88 /* Frameworks */ = {
			isa = PBXFrameworksBuildPhase;
			buildActionMask = 2147483647;
			files = (
			);
			runOnlyForDeploymentPostprocessing = 0;
		};
		85E2918A1F5F619300172C46 /* Frameworks */ = {
			isa = PBXFrameworksBuildPhase;
			buildActionMask = 2147483647;
			files = (
				667E1A4949A1846B345ED272 /* Pods_Notebowl_Mobile.framework in Frameworks */,
			);
			runOnlyForDeploymentPostprocessing = 0;
		};
/* End PBXFrameworksBuildPhase section */

/* Begin PBXGroup section */
		46B74E1CE70476650551376B /* Frameworks */ = {
			isa = PBXGroup;
			children = (
				8529E5622047D0B700D1E41D /* QuartzCore.framework */,
				09E6DCD307FC92207A301B39 /* Pods_Notebowl_Mobile.framework */,
				8E227BE533AF1A1693186E53 /* Pods_NotebowlMobileUITests.framework */,
			);
			name = Frameworks;
			sourceTree = "<group>";
		};
		6463A518FB6F150E6428F592 /* Pods */ = {
			isa = PBXGroup;
			children = (
				54079A7139C34E172088EEF6 /* Pods-Notebowl Mobile.debug.xcconfig */,
				410A296A3E39BFA455BC0756 /* Pods-Notebowl Mobile.release.xcconfig */,
				3E8127B27DA8552A052240A6 /* Pods-Notebowl Mobile.prod.xcconfig */,
				EDFC7837F5A700769C68A0C2 /* Pods-Notebowl Mobile.staging.xcconfig */,
				4BD64539E8C35D15042B5A30 /* Pods-Notebowl Mobile.testflight.xcconfig */,
				6E5579BB75D3C7250924C139 /* Pods-NotebowlMobileUITests.debug.xcconfig */,
				A269D2501F5E28E05ECA06BE /* Pods-NotebowlMobileUITests.prod.xcconfig */,
				F960C56ACB19ECD18F767786 /* Pods-NotebowlMobileUITests.staging.xcconfig */,
				9E2481BA85725F1AA813F18C /* Pods-NotebowlMobileUITests.release.xcconfig */,
				88E9B2CEB79AC0B662B12815 /* Pods-NotebowlMobileUITests.testflight.xcconfig */,
			);
			name = Pods;
			sourceTree = "<group>";
		};
		8522D04920FE7B2C00BCBD88 /* NotebowlMobileUITests */ = {
			isa = PBXGroup;
			children = (
				8538F6E9212F65830072D288 /* SnapshotUITests.swift */,
				8538F6E7212F65430072D288 /* SnapshotHelper.swift */,
				859BB17C212DDA6C009745A4 /* PostDetailViewUITests.swift */,
				8587DE662107EC5400B41DB6 /* MiscAppUITests.swift */,
				8587DE642107EC1D00B41DB6 /* NotificationUITests.swift */,
				8587DE622107EC0A00B41DB6 /* CommentUITests.swift */,
				8587DE602107EBFD00B41DB6 /* PostUITests.swift */,
				8522D04C20FE7B2C00BCBD88 /* Info.plist */,
				852CB61B210FA46600B07ED9 /* NBUITests.swift */,
				85FB4663210FE33F00151E7F /* StaticValues.swift */,
			);
			path = NotebowlMobileUITests;
			sourceTree = "<group>";
		};
		8522D05A20FE816400BCBD88 /* NotebowlMobileTests */ = {
			isa = PBXGroup;
			children = (
				8522D05B20FE816400BCBD88 /* NotebowlMobileTests.swift */,
				8522D05D20FE816400BCBD88 /* Info.plist */,
			);
			path = NotebowlMobileTests;
			sourceTree = "<group>";
		};
		85250A06202A1AE60003A416 /* Libraries */ = {
			isa = PBXGroup;
			children = (
				852CB627210FBB0E00B07ED9 /* LoremSwiftum.swift */,
				856E9A02209D82A300D167B4 /* PickerViewViewController.swift */,
				85CC2DE920873267007073BD /* PlaceholderTextView.swift */,
				856CC94C20813BED0096A13F /* TTLog.swift */,
				85250A12202A2DC50003A416 /* NBLoadingView.swift */,
				85250A13202A2DC50003A416 /* QCMethod.swift */,
			);
			path = Libraries;
			sourceTree = "<group>";
		};
		85250A07202A1AF40003A416 /* Login */ = {
			isa = PBXGroup;
			children = (
				85348E7520463E3A00ABD877 /* Enums.swift */,
				85348E7620463E3A00ABD877 /* ProgressWebViewController.swift */,
			);
			path = Login;
			sourceTree = "<group>";
		};
		85252DE820B4220F00A67102 /* Networking */ = {
			isa = PBXGroup;
			children = (
				85252DE920B4225000A67102 /* DownloadService.swift */,
				852462A820B5FE5A00E944E2 /* NBHelpers.swift */,
				852462AA20B6035800E944E2 /* NBResult.swift */,
				852462A620B5FC0E00E944E2 /* NBBuilder.swift */,
			);
			path = Networking;
			sourceTree = "<group>";
		};
		852D18961F673A0A00BDA97B /* API */ = {
			isa = PBXGroup;
			children = (
				8531ACB21FC4EA9F00EC72FA /* Extensions.swift */,
				85B1FDBE1FCDEC5800F0A81C /* NBClient.swift */,
				85C5EA98208793A0005B8A22 /* NBSocket.swift */,
				85FF86102006A1BA0080D223 /* MappableModels.swift */,
			);
			path = API;
			sourceTree = "<group>";
		};
		8583F6C42034AFB000313C9D /* Courses View */ = {
			isa = PBXGroup;
			children = (
				85F454591FE0A888006D8B77 /* CoursesTableViewController.swift */,
				85F4545B1FE0AA12006D8B77 /* CoursesTableViewCell.swift */,
				85429AE12047732800E34C7D /* CourseAssignmentsTableView.swift */,
				85429AE32047736F00E34C7D /* CourseAssignmentCellView.swift */,
			);
			path = "Courses View";
			sourceTree = "<group>";
		};
		85CC9BF4202B8E30001CABB0 /* Home Feed */ = {
			isa = PBXGroup;
			children = (
				85CC9BF6202B903C001CABB0 /* HomeFeedViewController.swift */,
				85A71DA32076E35100A51075 /* BulletinTableViewHeader.swift */,
				85A71DA42076E35100A51075 /* BulletinTableViewHeader.xib */,
				85689C4F2077F153003FF721 /* CreateNewPostViewController.swift */,
				853280DD205B2EB8003D08F9 /* HomeFeedPostCell.swift */,
				853280DE205B2EB8003D08F9 /* HomeFeedPostCell.xib */,
				8595017020A2614E004640B3 /* IndexedCollectionViewCell.swift */,
				8595017120A2614E004640B3 /* IndexedCollectionViewCell.xib */,
				852702C02061E18E00CA04B3 /* HomeFeedPostViewController.swift */,
				85F4D03120605865001C7020 /* HomeFeedCommentCell.swift */,
				85F4D03220605865001C7020 /* HomeFeedCommentCell.xib */,
			);
			path = "Home Feed";
			sourceTree = "<group>";
		};
		85CC9BF5202B8E68001CABB0 /* Support Files */ = {
			isa = PBXGroup;
			children = (
				85551B1620E6F94900E88BA6 /* Pods-Notebowl Mobile-acknowledgements.plist */,
				85E291991F5F619300172C46 /* LaunchScreen.storyboard */,
				856EE668202524DF00D8089D /* Notebowl Mobile.entitlements */,
				85250A0E202A1B730003A416 /* DefaultPreferences.plist */,
				85E291971F5F619300172C46 /* Assets.xcassets */,
			);
			path = "Support Files";
			sourceTree = "<group>";
		};
		85E291841F5F619300172C46 = {
			isa = PBXGroup;
			children = (
				85E2918F1F5F619300172C46 /* Notebowl Mobile */,
				8522D04920FE7B2C00BCBD88 /* NotebowlMobileUITests */,
				8522D05A20FE816400BCBD88 /* NotebowlMobileTests */,
				85E2918E1F5F619300172C46 /* Products */,
				6463A518FB6F150E6428F592 /* Pods */,
				46B74E1CE70476650551376B /* Frameworks */,
			);
			sourceTree = "<group>";
		};
		85E2918E1F5F619300172C46 /* Products */ = {
			isa = PBXGroup;
			children = (
				85E2918D1F5F619300172C46 /* Notebowl Mobile.app */,
				8522D04820FE7B2C00BCBD88 /* NotebowlMobileUITests.xctest */,
				8522D05920FE816400BCBD88 /* NotebowlMobileTests.xctest */,
			);
			name = Products;
			sourceTree = "<group>";
		};
		85E2918F1F5F619300172C46 /* Notebowl Mobile */ = {
			isa = PBXGroup;
			children = (
				853A3003211146BA006F86DD /* Notebowl-Mobile-Bridging-Header.h */,
				85E2919C1F5F619300172C46 /* Info.plist */,
				85250A06202A1AE60003A416 /* Libraries */,
				85CC9BF5202B8E68001CABB0 /* Support Files */,
				85E291901F5F619300172C46 /* AppDelegate.swift */,
				85DF6C93206C449A001E0CAE /* AccountModalViewController.swift */,
				85FCF0C620D86F1C0049737E /* SettingsTableViewController.swift */,
				85E3057320DAB2390019131D /* SettingsTableViewHeader.swift */,
				85E3057520DAB27B0019131D /* SettingsTableViewHeader.xib */,
				8549648620D996B300366C60 /* NotificationSettingCell.swift */,
				8549648720D996B300366C60 /* NotificationSettingCell.xib */,
				85250A10202A1BE90003A416 /* Login.storyboard */,
				85E291941F5F619300172C46 /* Main.storyboard */,
				852D18961F673A0A00BDA97B /* API */,
				85252DE820B4220F00A67102 /* Networking */,
				8534A19E2045CF1B0001B5BA /* RootViewController.swift */,
				85E7E01A1FE97F4F00ECF5F8 /* MainTabBarViewController.swift */,
				85250A07202A1AF40003A416 /* Login */,
				85CC9BF4202B8E30001CABB0 /* Home Feed */,
				8583F6C42034AFB000313C9D /* Courses View */,
				8583F6C52034AFEA00313C9D /* NotificationsTableViewController.swift */,
				8583F6C72034B00F00313C9D /* NotificationsTableViewCell.swift */,
			);
			path = "Notebowl Mobile";
			sourceTree = "<group>";
		};
/* End PBXGroup section */

/* Begin PBXNativeTarget section */
		8522D04720FE7B2C00BCBD88 /* NotebowlMobileUITests */ = {
			isa = PBXNativeTarget;
			buildConfigurationList = 8522D05420FE7B2C00BCBD88 /* Build configuration list for PBXNativeTarget "NotebowlMobileUITests" */;
			buildPhases = (
				2637FE7984C76D7DF25E47D3 /* [CP] Check Pods Manifest.lock */,
				8522D04420FE7B2C00BCBD88 /* Sources */,
				8522D04520FE7B2C00BCBD88 /* Frameworks */,
				8522D04620FE7B2C00BCBD88 /* Resources */,
				5C2E78C82BA32FDD7E410C35 /* [CP] Embed Pods Frameworks */,
			);
			buildRules = (
			);
			dependencies = (
				8522D04E20FE7B2C00BCBD88 /* PBXTargetDependency */,
			);
			name = NotebowlMobileUITests;
			productName = NotebowlMobileUITests;
			productReference = 8522D04820FE7B2C00BCBD88 /* NotebowlMobileUITests.xctest */;
			productType = "com.apple.product-type.bundle.ui-testing";
		};
		8522D05820FE816400BCBD88 /* NotebowlMobileTests */ = {
			isa = PBXNativeTarget;
			buildConfigurationList = 8522D06020FE816400BCBD88 /* Build configuration list for PBXNativeTarget "NotebowlMobileTests" */;
			buildPhases = (
				8522D05520FE816400BCBD88 /* Sources */,
				8522D05620FE816400BCBD88 /* Frameworks */,
				8522D05720FE816400BCBD88 /* Resources */,
			);
			buildRules = (
			);
			dependencies = (
				8522D05F20FE816400BCBD88 /* PBXTargetDependency */,
			);
			name = NotebowlMobileTests;
			productName = NotebowlMobileTests;
			productReference = 8522D05920FE816400BCBD88 /* NotebowlMobileTests.xctest */;
			productType = "com.apple.product-type.bundle.unit-test";
		};
		85E2918C1F5F619300172C46 /* Notebowl Mobile */ = {
			isa = PBXNativeTarget;
			buildConfigurationList = 85E291B51F5F619400172C46 /* Build configuration list for PBXNativeTarget "Notebowl Mobile" */;
			buildPhases = (
				4C28E457EE249ED0D8D7C4B8 /* [CP] Check Pods Manifest.lock */,
				85E291891F5F619300172C46 /* Sources */,
				85E2918A1F5F619300172C46 /* Frameworks */,
				85E2918B1F5F619300172C46 /* Resources */,
				BF85F58EBA86BFF308FA1D39 /* [CP] Embed Pods Frameworks */,
				D7E5A89FA1E972E397CE5793 /* Upload Bugsnag dSYM */,
			);
			buildRules = (
			);
			dependencies = (
			);
			name = "Notebowl Mobile";
			productName = "NB-Mobile";
			productReference = 85E2918D1F5F619300172C46 /* Notebowl Mobile.app */;
			productType = "com.apple.product-type.application";
		};
/* End PBXNativeTarget section */

/* Begin PBXProject section */
		85E291851F5F619300172C46 /* Project object */ = {
			isa = PBXProject;
			attributes = {
				LastSwiftUpdateCheck = 1000;
				LastUpgradeCheck = 0930;
				ORGANIZATIONNAME = Notebowl;
				TargetAttributes = {
					8522D04720FE7B2C00BCBD88 = {
						CreatedOnToolsVersion = 10.0;
						ProvisioningStyle = Automatic;
						TestTargetID = 85E2918C1F5F619300172C46;
					};
					8522D05820FE816400BCBD88 = {
						CreatedOnToolsVersion = 10.0;
						ProvisioningStyle = Automatic;
						TestTargetID = 85E2918C1F5F619300172C46;
					};
					85E2918C1F5F619300172C46 = {
						CreatedOnToolsVersion = 9.0;
						LastSwiftMigration = 0940;
						ProvisioningStyle = Manual;
						SystemCapabilities = {
							com.apple.BackgroundModes = {
								enabled = 0;
							};
							com.apple.NearFieldCommunicationTagReading = {
								enabled = 0;
							};
							com.apple.Push = {
								enabled = 1;
							};
						};
					};
				};
			};
			buildConfigurationList = 85E291881F5F619300172C46 /* Build configuration list for PBXProject "Notebowl Mobile" */;
			compatibilityVersion = "Xcode 8.0";
			developmentRegion = en;
			hasScannedForEncodings = 0;
			knownRegions = (
				en,
				Base,
			);
			mainGroup = 85E291841F5F619300172C46;
			productRefGroup = 85E2918E1F5F619300172C46 /* Products */;
			projectDirPath = "";
			projectRoot = "";
			targets = (
				85E2918C1F5F619300172C46 /* Notebowl Mobile */,
				8522D04720FE7B2C00BCBD88 /* NotebowlMobileUITests */,
				8522D05820FE816400BCBD88 /* NotebowlMobileTests */,
			);
		};
/* End PBXProject section */

/* Begin PBXResourcesBuildPhase section */
		8522D04620FE7B2C00BCBD88 /* Resources */ = {
			isa = PBXResourcesBuildPhase;
			buildActionMask = 2147483647;
			files = (
			);
			runOnlyForDeploymentPostprocessing = 0;
		};
		8522D05720FE816400BCBD88 /* Resources */ = {
			isa = PBXResourcesBuildPhase;
			buildActionMask = 2147483647;
			files = (
			);
			runOnlyForDeploymentPostprocessing = 0;
		};
		85E2918B1F5F619300172C46 /* Resources */ = {
			isa = PBXResourcesBuildPhase;
			buildActionMask = 2147483647;
			files = (
				853280E0205B2EB8003D08F9 /* HomeFeedPostCell.xib in Resources */,
				85E3057620DAB27B0019131D /* SettingsTableViewHeader.xib in Resources */,
				85551B1720E6F94900E88BA6 /* Pods-Notebowl Mobile-acknowledgements.plist in Resources */,
				85A71DA62076E35100A51075 /* BulletinTableViewHeader.xib in Resources */,
				85F4D03420605865001C7020 /* HomeFeedCommentCell.xib in Resources */,
				85E2919B1F5F619300172C46 /* LaunchScreen.storyboard in Resources */,
				8595017320A2614E004640B3 /* IndexedCollectionViewCell.xib in Resources */,
				85250A0F202A1B730003A416 /* DefaultPreferences.plist in Resources */,
				85250A11202A1BE90003A416 /* Login.storyboard in Resources */,
				85E291981F5F619300172C46 /* Assets.xcassets in Resources */,
				85E291961F5F619300172C46 /* Main.storyboard in Resources */,
				8549648920D996B300366C60 /* NotificationSettingCell.xib in Resources */,
			);
			runOnlyForDeploymentPostprocessing = 0;
		};
/* End PBXResourcesBuildPhase section */

/* Begin PBXShellScriptBuildPhase section */
		2637FE7984C76D7DF25E47D3 /* [CP] Check Pods Manifest.lock */ = {
			isa = PBXShellScriptBuildPhase;
			buildActionMask = 2147483647;
			files = (
			);
			inputPaths = (
				"${PODS_PODFILE_DIR_PATH}/Podfile.lock",
				"${PODS_ROOT}/Manifest.lock",
			);
			name = "[CP] Check Pods Manifest.lock";
			outputPaths = (
				"$(DERIVED_FILE_DIR)/Pods-NotebowlMobileUITests-checkManifestLockResult.txt",
			);
			runOnlyForDeploymentPostprocessing = 0;
			shellPath = /bin/sh;
			shellScript = "diff \"${PODS_PODFILE_DIR_PATH}/Podfile.lock\" \"${PODS_ROOT}/Manifest.lock\" > /dev/null\nif [ $? != 0 ] ; then\n    # print error to STDERR\n    echo \"error: The sandbox is not in sync with the Podfile.lock. Run 'pod install' or update your CocoaPods installation.\" >&2\n    exit 1\nfi\n# This output is used by Xcode 'outputs' to avoid re-running this script phase.\necho \"SUCCESS\" > \"${SCRIPT_OUTPUT_FILE_0}\"\n";
			showEnvVarsInLog = 0;
		};
		4C28E457EE249ED0D8D7C4B8 /* [CP] Check Pods Manifest.lock */ = {
			isa = PBXShellScriptBuildPhase;
			buildActionMask = 2147483647;
			files = (
			);
			inputPaths = (
				"${PODS_PODFILE_DIR_PATH}/Podfile.lock",
				"${PODS_ROOT}/Manifest.lock",
			);
			name = "[CP] Check Pods Manifest.lock";
			outputPaths = (
				"$(DERIVED_FILE_DIR)/Pods-Notebowl Mobile-checkManifestLockResult.txt",
			);
			runOnlyForDeploymentPostprocessing = 0;
			shellPath = /bin/sh;
			shellScript = "diff \"${PODS_PODFILE_DIR_PATH}/Podfile.lock\" \"${PODS_ROOT}/Manifest.lock\" > /dev/null\nif [ $? != 0 ] ; then\n    # print error to STDERR\n    echo \"error: The sandbox is not in sync with the Podfile.lock. Run 'pod install' or update your CocoaPods installation.\" >&2\n    exit 1\nfi\n# This output is used by Xcode 'outputs' to avoid re-running this script phase.\necho \"SUCCESS\" > \"${SCRIPT_OUTPUT_FILE_0}\"\n";
			showEnvVarsInLog = 0;
		};
		5C2E78C82BA32FDD7E410C35 /* [CP] Embed Pods Frameworks */ = {
			isa = PBXShellScriptBuildPhase;
			buildActionMask = 2147483647;
			files = (
			);
			inputPaths = (
				"${PODS_ROOT}/Target Support Files/Pods-NotebowlMobileUITests/Pods-NotebowlMobileUITests-frameworks.sh",
				"${BUILT_PRODUCTS_DIR}/HTTPStatusCodes/HTTPStatusCodes.framework",
				"${BUILT_PRODUCTS_DIR}/SimulatorStatusMagic/SimulatorStatusMagic.framework",
			);
			name = "[CP] Embed Pods Frameworks";
			outputPaths = (
				"${TARGET_BUILD_DIR}/${FRAMEWORKS_FOLDER_PATH}/HTTPStatusCodes.framework",
				"${TARGET_BUILD_DIR}/${FRAMEWORKS_FOLDER_PATH}/SimulatorStatusMagic.framework",
			);
			runOnlyForDeploymentPostprocessing = 0;
			shellPath = /bin/sh;
			shellScript = "\"${PODS_ROOT}/Target Support Files/Pods-NotebowlMobileUITests/Pods-NotebowlMobileUITests-frameworks.sh\"\n";
			showEnvVarsInLog = 0;
		};
		BF85F58EBA86BFF308FA1D39 /* [CP] Embed Pods Frameworks */ = {
			isa = PBXShellScriptBuildPhase;
			buildActionMask = 2147483647;
			files = (
			);
			inputPaths = (
				"${PODS_ROOT}/Target Support Files/Pods-Notebowl Mobile/Pods-Notebowl Mobile-frameworks.sh",
				"${BUILT_PRODUCTS_DIR}/AcknowList/AcknowList.framework",
				"${BUILT_PRODUCTS_DIR}/Bugsnag/Bugsnag.framework",
				"${BUILT_PRODUCTS_DIR}/ButtonProgressBar-iOS/ButtonProgressBar_iOS.framework",
				"${BUILT_PRODUCTS_DIR}/Cache/Cache.framework",
				"${BUILT_PRODUCTS_DIR}/DeckTransition/DeckTransition.framework",
				"${BUILT_PRODUCTS_DIR}/FaceAware/FaceAware.framework",
				"${BUILT_PRODUCTS_DIR}/FaveButton/FaveButton.framework",
				"${BUILT_PRODUCTS_DIR}/FeedbackSlack/FeedbackSlack.framework",
				"${BUILT_PRODUCTS_DIR}/HGPlaceholders/HGPlaceholders.framework",
				"${BUILT_PRODUCTS_DIR}/HTTPStatusCodes/HTTPStatusCodes.framework",
				"${BUILT_PRODUCTS_DIR}/Haptica/Haptica.framework",
				"${BUILT_PRODUCTS_DIR}/Hue/Hue.framework",
				"${BUILT_PRODUCTS_DIR}/Imaginary/Imaginary.framework",
				"${BUILT_PRODUCTS_DIR}/InputBarAccessoryView/InputBarAccessoryView.framework",
				"${BUILT_PRODUCTS_DIR}/Kingfisher/Kingfisher.framework",
				"${BUILT_PRODUCTS_DIR}/Lightbox/Lightbox.framework",
				"${BUILT_PRODUCTS_DIR}/MMUploadImage/MMUploadImage.framework",
				"${BUILT_PRODUCTS_DIR}/ObjectMapper/ObjectMapper.framework",
				"${BUILT_PRODUCTS_DIR}/PKHUD/PKHUD.framework",
				"${BUILT_PRODUCTS_DIR}/PryntTrimmerView/PryntTrimmerView.framework",
				"${BUILT_PRODUCTS_DIR}/Siren/Siren.framework",
				"${BUILT_PRODUCTS_DIR}/Socket.IO-Client-Swift/SocketIO.framework",
				"${BUILT_PRODUCTS_DIR}/Starscream/Starscream.framework",
				"${BUILT_PRODUCTS_DIR}/SteviaLayout/Stevia.framework",
				"${BUILT_PRODUCTS_DIR}/SwiftDate/SwiftDate.framework",
				"${BUILT_PRODUCTS_DIR}/SwipeCellKit/SwipeCellKit.framework",
				"${BUILT_PRODUCTS_DIR}/Tamamushi/Tamamushi.framework",
				"${BUILT_PRODUCTS_DIR}/Wormholy/Wormholy.framework",
				"${BUILT_PRODUCTS_DIR}/YPImagePicker/YPImagePicker.framework",
			);
			name = "[CP] Embed Pods Frameworks";
			outputPaths = (
				"${TARGET_BUILD_DIR}/${FRAMEWORKS_FOLDER_PATH}/AcknowList.framework",
				"${TARGET_BUILD_DIR}/${FRAMEWORKS_FOLDER_PATH}/Bugsnag.framework",
				"${TARGET_BUILD_DIR}/${FRAMEWORKS_FOLDER_PATH}/ButtonProgressBar_iOS.framework",
				"${TARGET_BUILD_DIR}/${FRAMEWORKS_FOLDER_PATH}/Cache.framework",
				"${TARGET_BUILD_DIR}/${FRAMEWORKS_FOLDER_PATH}/DeckTransition.framework",
				"${TARGET_BUILD_DIR}/${FRAMEWORKS_FOLDER_PATH}/FaceAware.framework",
				"${TARGET_BUILD_DIR}/${FRAMEWORKS_FOLDER_PATH}/FaveButton.framework",
				"${TARGET_BUILD_DIR}/${FRAMEWORKS_FOLDER_PATH}/FeedbackSlack.framework",
				"${TARGET_BUILD_DIR}/${FRAMEWORKS_FOLDER_PATH}/HGPlaceholders.framework",
				"${TARGET_BUILD_DIR}/${FRAMEWORKS_FOLDER_PATH}/HTTPStatusCodes.framework",
				"${TARGET_BUILD_DIR}/${FRAMEWORKS_FOLDER_PATH}/Haptica.framework",
				"${TARGET_BUILD_DIR}/${FRAMEWORKS_FOLDER_PATH}/Hue.framework",
				"${TARGET_BUILD_DIR}/${FRAMEWORKS_FOLDER_PATH}/Imaginary.framework",
				"${TARGET_BUILD_DIR}/${FRAMEWORKS_FOLDER_PATH}/InputBarAccessoryView.framework",
				"${TARGET_BUILD_DIR}/${FRAMEWORKS_FOLDER_PATH}/Kingfisher.framework",
				"${TARGET_BUILD_DIR}/${FRAMEWORKS_FOLDER_PATH}/Lightbox.framework",
				"${TARGET_BUILD_DIR}/${FRAMEWORKS_FOLDER_PATH}/MMUploadImage.framework",
				"${TARGET_BUILD_DIR}/${FRAMEWORKS_FOLDER_PATH}/ObjectMapper.framework",
				"${TARGET_BUILD_DIR}/${FRAMEWORKS_FOLDER_PATH}/PKHUD.framework",
				"${TARGET_BUILD_DIR}/${FRAMEWORKS_FOLDER_PATH}/PryntTrimmerView.framework",
				"${TARGET_BUILD_DIR}/${FRAMEWORKS_FOLDER_PATH}/Siren.framework",
				"${TARGET_BUILD_DIR}/${FRAMEWORKS_FOLDER_PATH}/SocketIO.framework",
				"${TARGET_BUILD_DIR}/${FRAMEWORKS_FOLDER_PATH}/Starscream.framework",
				"${TARGET_BUILD_DIR}/${FRAMEWORKS_FOLDER_PATH}/Stevia.framework",
				"${TARGET_BUILD_DIR}/${FRAMEWORKS_FOLDER_PATH}/SwiftDate.framework",
				"${TARGET_BUILD_DIR}/${FRAMEWORKS_FOLDER_PATH}/SwipeCellKit.framework",
				"${TARGET_BUILD_DIR}/${FRAMEWORKS_FOLDER_PATH}/Tamamushi.framework",
				"${TARGET_BUILD_DIR}/${FRAMEWORKS_FOLDER_PATH}/Wormholy.framework",
				"${TARGET_BUILD_DIR}/${FRAMEWORKS_FOLDER_PATH}/YPImagePicker.framework",
			);
			runOnlyForDeploymentPostprocessing = 0;
			shellPath = /bin/sh;
			shellScript = "\"${PODS_ROOT}/Target Support Files/Pods-Notebowl Mobile/Pods-Notebowl Mobile-frameworks.sh\"\n";
			showEnvVarsInLog = 0;
		};
		D7E5A89FA1E972E397CE5793 /* Upload Bugsnag dSYM */ = {
			isa = PBXShellScriptBuildPhase;
			buildActionMask = 2147483647;
			files = (
			);
			inputPaths = (
			);
			name = "Upload Bugsnag dSYM";
			outputPaths = (
			);
			runOnlyForDeploymentPostprocessing = 0;
			shellPath = "/usr/bin/env ruby";
			shellScript = "fork do\n  Process.setsid\n  STDIN.reopen(\"/dev/null\")\n  STDOUT.reopen(\"/dev/null\", \"a\")\n  STDERR.reopen(\"/dev/null\", \"a\")\n\n  require 'shellwords'\n\n  Dir[\"#{ENV[\"DWARF_DSYM_FOLDER_PATH\"]}/*/Contents/Resources/DWARF/*\"].each do |dsym|\n    system(\"curl -F dsym=@#{Shellwords.escape(dsym)} -F projectRoot=#{Shellwords.escape(ENV[\"PROJECT_DIR\"])} https://upload.bugsnag.com/\")\n  end\nend\n";
			showEnvVarsInLog = 0;
		};
/* End PBXShellScriptBuildPhase section */

/* Begin PBXSourcesBuildPhase section */
		8522D04420FE7B2C00BCBD88 /* Sources */ = {
			isa = PBXSourcesBuildPhase;
			buildActionMask = 2147483647;
			files = (
				8587DE652107EC1D00B41DB6 /* NotificationUITests.swift in Sources */,
				852CB62A210FC38B00B07ED9 /* LoremSwiftum.swift in Sources */,
				8587DE672107EC5400B41DB6 /* MiscAppUITests.swift in Sources */,
				859BB17D212DDA6C009745A4 /* PostDetailViewUITests.swift in Sources */,
				85FB4664210FE33F00151E7F /* StaticValues.swift in Sources */,
				8538F6E8212F65440072D288 /* SnapshotHelper.swift in Sources */,
				852CB61C210FA46600B07ED9 /* NBUITests.swift in Sources */,
				8538F6EA212F65830072D288 /* SnapshotUITests.swift in Sources */,
				8587DE632107EC0A00B41DB6 /* CommentUITests.swift in Sources */,
				8587DE612107EBFD00B41DB6 /* PostUITests.swift in Sources */,
			);
			runOnlyForDeploymentPostprocessing = 0;
		};
		8522D05520FE816400BCBD88 /* Sources */ = {
			isa = PBXSourcesBuildPhase;
			buildActionMask = 2147483647;
			files = (
				8522D05C20FE816400BCBD88 /* NotebowlMobileTests.swift in Sources */,
			);
			runOnlyForDeploymentPostprocessing = 0;
		};
		85E291891F5F619300172C46 /* Sources */ = {
			isa = PBXSourcesBuildPhase;
			buildActionMask = 2147483647;
			files = (
				85429AE42047736F00E34C7D /* CourseAssignmentCellView.swift in Sources */,
				856CC94D20813BED0096A13F /* TTLog.swift in Sources */,
				85E291911F5F619300172C46 /* AppDelegate.swift in Sources */,
				852CB628210FBB0E00B07ED9 /* LoremSwiftum.swift in Sources */,
				852462A920B5FE5A00E944E2 /* NBHelpers.swift in Sources */,
				85252DEA20B4225000A67102 /* DownloadService.swift in Sources */,
				852462A720B5FC0E00E944E2 /* NBBuilder.swift in Sources */,
				85348E7720463E3A00ABD877 /* Enums.swift in Sources */,
				8595017220A2614E004640B3 /* IndexedCollectionViewCell.swift in Sources */,
				85DF6C94206C449A001E0CAE /* AccountModalViewController.swift in Sources */,
				85348E7820463E3A00ABD877 /* ProgressWebViewController.swift in Sources */,
				85429AE22047732800E34C7D /* CourseAssignmentsTableView.swift in Sources */,
				85CC9BF7202B903C001CABB0 /* HomeFeedViewController.swift in Sources */,
				8583F6C82034B00F00313C9D /* NotificationsTableViewCell.swift in Sources */,
				853280DF205B2EB8003D08F9 /* HomeFeedPostCell.swift in Sources */,
				85E3057420DAB2390019131D /* SettingsTableViewHeader.swift in Sources */,
				85FCF0C720D86F1D0049737E /* SettingsTableViewController.swift in Sources */,
				85FF86112006A1BA0080D223 /* MappableModels.swift in Sources */,
				85C5EA99208793A0005B8A22 /* NBSocket.swift in Sources */,
				856E9A03209D82A300D167B4 /* PickerViewViewController.swift in Sources */,
				85E7E01B1FE97F4F00ECF5F8 /* MainTabBarViewController.swift in Sources */,
				85F4545C1FE0AA12006D8B77 /* CoursesTableViewCell.swift in Sources */,
				85B1FDBF1FCDEC5800F0A81C /* NBClient.swift in Sources */,
				85A71DA52076E35100A51075 /* BulletinTableViewHeader.swift in Sources */,
				8583F6C62034AFEA00313C9D /* NotificationsTableViewController.swift in Sources */,
				852702C12061E18E00CA04B3 /* HomeFeedPostViewController.swift in Sources */,
				8549648820D996B300366C60 /* NotificationSettingCell.swift in Sources */,
				8534A19F2045CF1B0001B5BA /* RootViewController.swift in Sources */,
				85F4545A1FE0A888006D8B77 /* CoursesTableViewController.swift in Sources */,
				85CC2DEA20873267007073BD /* PlaceholderTextView.swift in Sources */,
				85250A15202A2DC50003A416 /* QCMethod.swift in Sources */,
				852462AB20B6035800E944E2 /* NBResult.swift in Sources */,
				8531ACB31FC4EA9F00EC72FA /* Extensions.swift in Sources */,
				85689C502077F154003FF721 /* CreateNewPostViewController.swift in Sources */,
				85F4D03320605865001C7020 /* HomeFeedCommentCell.swift in Sources */,
				85250A14202A2DC50003A416 /* NBLoadingView.swift in Sources */,
			);
			runOnlyForDeploymentPostprocessing = 0;
		};
/* End PBXSourcesBuildPhase section */

/* Begin PBXTargetDependency section */
		8522D04E20FE7B2C00BCBD88 /* PBXTargetDependency */ = {
			isa = PBXTargetDependency;
			target = 85E2918C1F5F619300172C46 /* Notebowl Mobile */;
			targetProxy = 8522D04D20FE7B2C00BCBD88 /* PBXContainerItemProxy */;
		};
		8522D05F20FE816400BCBD88 /* PBXTargetDependency */ = {
			isa = PBXTargetDependency;
			target = 85E2918C1F5F619300172C46 /* Notebowl Mobile */;
			targetProxy = 8522D05E20FE816400BCBD88 /* PBXContainerItemProxy */;
		};
/* End PBXTargetDependency section */

/* Begin PBXVariantGroup section */
		85E291941F5F619300172C46 /* Main.storyboard */ = {
			isa = PBXVariantGroup;
			children = (
				85E291951F5F619300172C46 /* Base */,
			);
			name = Main.storyboard;
			sourceTree = "<group>";
		};
		85E291991F5F619300172C46 /* LaunchScreen.storyboard */ = {
			isa = PBXVariantGroup;
			children = (
				85E2919A1F5F619300172C46 /* Base */,
			);
			name = LaunchScreen.storyboard;
			sourceTree = "<group>";
		};
/* End PBXVariantGroup section */

/* Begin XCBuildConfiguration section */
		8522D04F20FE7B2C00BCBD88 /* Debug */ = {
			isa = XCBuildConfiguration;
			baseConfigurationReference = 6E5579BB75D3C7250924C139 /* Pods-NotebowlMobileUITests.debug.xcconfig */;
			buildSettings = {
				ARCHS = arm64;
				CLANG_ENABLE_OBJC_WEAK = YES;
				CODE_SIGN_IDENTITY = "iPhone Developer";
				CODE_SIGN_STYLE = Automatic;
				DEVELOPMENT_TEAM = 8M84348K8B;
				FRAMEWORK_SEARCH_PATHS = (
					"$(inherited)",
					"$(PROJECT_DIR)",
				);
				INFOPLIST_FILE = NotebowlMobileUITests/Info.plist;
				IPHONEOS_DEPLOYMENT_TARGET = 11.0;
				LD_RUNPATH_SEARCH_PATHS = "$(inherited) @executable_path/Frameworks @loader_path/Frameworks";
				MTL_ENABLE_DEBUG_INFO = INCLUDE_SOURCE;
				MTL_FAST_MATH = YES;
				PRODUCT_BUNDLE_IDENTIFIER = com.notebowl.NotebowlMobileUITests;
				PRODUCT_NAME = "$(TARGET_NAME)";
				PROVISIONING_PROFILE = "";
				PROVISIONING_PROFILE_SPECIFIER = "";
				SWIFT_VERSION = 4.0;
				TARGETED_DEVICE_FAMILY = "1,2";
				TEST_TARGET_NAME = "Notebowl Mobile";
			};
			name = Debug;
		};
		8522D05020FE7B2C00BCBD88 /* Prod */ = {
			isa = XCBuildConfiguration;
			baseConfigurationReference = A269D2501F5E28E05ECA06BE /* Pods-NotebowlMobileUITests.prod.xcconfig */;
			buildSettings = {
				ARCHS = arm64;
				CLANG_ENABLE_OBJC_WEAK = YES;
				CODE_SIGN_IDENTITY = "iPhone Developer";
				CODE_SIGN_STYLE = Automatic;
				DEVELOPMENT_TEAM = 8M84348K8B;
				FRAMEWORK_SEARCH_PATHS = (
					"$(inherited)",
					"$(PROJECT_DIR)",
				);
				INFOPLIST_FILE = NotebowlMobileUITests/Info.plist;
				IPHONEOS_DEPLOYMENT_TARGET = 11.0;
				LD_RUNPATH_SEARCH_PATHS = "$(inherited) @executable_path/Frameworks @loader_path/Frameworks";
				MTL_FAST_MATH = YES;
				PRODUCT_BUNDLE_IDENTIFIER = com.notebowl.NotebowlMobileUITests;
				PRODUCT_NAME = "$(TARGET_NAME)";
				PROVISIONING_PROFILE = "";
				PROVISIONING_PROFILE_SPECIFIER = "";
				SWIFT_OPTIMIZATION_LEVEL = "-O";
				SWIFT_VERSION = 4.0;
				TARGETED_DEVICE_FAMILY = "1,2";
				TEST_TARGET_NAME = "Notebowl Mobile";
			};
			name = Prod;
		};
		8522D05120FE7B2C00BCBD88 /* Staging */ = {
			isa = XCBuildConfiguration;
			baseConfigurationReference = F960C56ACB19ECD18F767786 /* Pods-NotebowlMobileUITests.staging.xcconfig */;
			buildSettings = {
				ARCHS = arm64;
				CLANG_ENABLE_OBJC_WEAK = YES;
				CODE_SIGN_IDENTITY = "iPhone Developer";
				CODE_SIGN_STYLE = Automatic;
				DEVELOPMENT_TEAM = 8M84348K8B;
				FRAMEWORK_SEARCH_PATHS = (
					"$(inherited)",
					"$(PROJECT_DIR)",
				);
				INFOPLIST_FILE = NotebowlMobileUITests/Info.plist;
				IPHONEOS_DEPLOYMENT_TARGET = 11.0;
				LD_RUNPATH_SEARCH_PATHS = "$(inherited) @executable_path/Frameworks @loader_path/Frameworks";
				MTL_FAST_MATH = YES;
				PRODUCT_BUNDLE_IDENTIFIER = com.notebowl.NotebowlMobileUITests;
				PRODUCT_NAME = "$(TARGET_NAME)";
				PROVISIONING_PROFILE = "";
				PROVISIONING_PROFILE_SPECIFIER = "";
				SWIFT_OPTIMIZATION_LEVEL = "-O";
				SWIFT_VERSION = 4.0;
				TARGETED_DEVICE_FAMILY = "1,2";
				TEST_TARGET_NAME = "Notebowl Mobile";
			};
			name = Staging;
		};
		8522D05220FE7B2C00BCBD88 /* Release */ = {
			isa = XCBuildConfiguration;
			baseConfigurationReference = 9E2481BA85725F1AA813F18C /* Pods-NotebowlMobileUITests.release.xcconfig */;
			buildSettings = {
				ARCHS = arm64;
				CLANG_ENABLE_OBJC_WEAK = YES;
				CODE_SIGN_IDENTITY = "iPhone Developer";
				CODE_SIGN_STYLE = Automatic;
				DEVELOPMENT_TEAM = 8M84348K8B;
				FRAMEWORK_SEARCH_PATHS = (
					"$(inherited)",
					"$(PROJECT_DIR)",
				);
				INFOPLIST_FILE = NotebowlMobileUITests/Info.plist;
				IPHONEOS_DEPLOYMENT_TARGET = 11.0;
				LD_RUNPATH_SEARCH_PATHS = "$(inherited) @executable_path/Frameworks @loader_path/Frameworks";
				MTL_FAST_MATH = YES;
				PRODUCT_BUNDLE_IDENTIFIER = com.notebowl.NotebowlMobileUITests;
				PRODUCT_NAME = "$(TARGET_NAME)";
				PROVISIONING_PROFILE = "";
				PROVISIONING_PROFILE_SPECIFIER = "";
				SWIFT_OPTIMIZATION_LEVEL = "-O";
				SWIFT_VERSION = 4.0;
				TARGETED_DEVICE_FAMILY = "1,2";
				TEST_TARGET_NAME = "Notebowl Mobile";
			};
			name = Release;
		};
		8522D05320FE7B2C00BCBD88 /* TestFlight */ = {
			isa = XCBuildConfiguration;
			baseConfigurationReference = 88E9B2CEB79AC0B662B12815 /* Pods-NotebowlMobileUITests.testflight.xcconfig */;
			buildSettings = {
				ARCHS = arm64;
				CLANG_ENABLE_OBJC_WEAK = YES;
				CODE_SIGN_IDENTITY = "iPhone Developer";
				CODE_SIGN_STYLE = Automatic;
				DEVELOPMENT_TEAM = 8M84348K8B;
				FRAMEWORK_SEARCH_PATHS = (
					"$(inherited)",
					"$(PROJECT_DIR)",
				);
				INFOPLIST_FILE = NotebowlMobileUITests/Info.plist;
				IPHONEOS_DEPLOYMENT_TARGET = 11.0;
				LD_RUNPATH_SEARCH_PATHS = "$(inherited) @executable_path/Frameworks @loader_path/Frameworks";
				MTL_FAST_MATH = YES;
				PRODUCT_BUNDLE_IDENTIFIER = com.notebowl.NotebowlMobileUITests;
				PRODUCT_NAME = "$(TARGET_NAME)";
				PROVISIONING_PROFILE = "";
				PROVISIONING_PROFILE_SPECIFIER = "";
				SWIFT_OPTIMIZATION_LEVEL = "-O";
				SWIFT_VERSION = 4.0;
				TARGETED_DEVICE_FAMILY = "1,2";
				TEST_TARGET_NAME = "Notebowl Mobile";
			};
			name = TestFlight;
		};
		8522D06120FE816400BCBD88 /* Debug */ = {
			isa = XCBuildConfiguration;
			buildSettings = {
				BUNDLE_LOADER = "$(TEST_HOST)";
				CLANG_ENABLE_OBJC_WEAK = YES;
				CODE_SIGN_STYLE = Automatic;
				DEVELOPMENT_TEAM = 8M84348K8B;
				INFOPLIST_FILE = NotebowlMobileTests/Info.plist;
				IPHONEOS_DEPLOYMENT_TARGET = 12.0;
				LD_RUNPATH_SEARCH_PATHS = "$(inherited) @executable_path/Frameworks @loader_path/Frameworks";
				MTL_ENABLE_DEBUG_INFO = INCLUDE_SOURCE;
				MTL_FAST_MATH = YES;
				PRODUCT_BUNDLE_IDENTIFIER = com.notebowl.NotebowlMobileTests;
				PRODUCT_NAME = "$(TARGET_NAME)";
				SWIFT_VERSION = 4.0;
				TARGETED_DEVICE_FAMILY = "1,2";
				TEST_HOST = "$(BUILT_PRODUCTS_DIR)/Notebowl Mobile.app/Notebowl Mobile";
			};
			name = Debug;
		};
		8522D06220FE816400BCBD88 /* Prod */ = {
			isa = XCBuildConfiguration;
			buildSettings = {
				BUNDLE_LOADER = "$(TEST_HOST)";
				CLANG_ENABLE_OBJC_WEAK = YES;
				CODE_SIGN_STYLE = Automatic;
				DEVELOPMENT_TEAM = 8M84348K8B;
				INFOPLIST_FILE = NotebowlMobileTests/Info.plist;
				IPHONEOS_DEPLOYMENT_TARGET = 12.0;
				LD_RUNPATH_SEARCH_PATHS = "$(inherited) @executable_path/Frameworks @loader_path/Frameworks";
				MTL_FAST_MATH = YES;
				PRODUCT_BUNDLE_IDENTIFIER = com.notebowl.NotebowlMobileTests;
				PRODUCT_NAME = "$(TARGET_NAME)";
				SWIFT_OPTIMIZATION_LEVEL = "-O";
				SWIFT_VERSION = 4.0;
				TARGETED_DEVICE_FAMILY = "1,2";
				TEST_HOST = "$(BUILT_PRODUCTS_DIR)/Notebowl Mobile.app/Notebowl Mobile";
			};
			name = Prod;
		};
		8522D06320FE816400BCBD88 /* Staging */ = {
			isa = XCBuildConfiguration;
			buildSettings = {
				BUNDLE_LOADER = "$(TEST_HOST)";
				CLANG_ENABLE_OBJC_WEAK = YES;
				CODE_SIGN_STYLE = Automatic;
				DEVELOPMENT_TEAM = 8M84348K8B;
				INFOPLIST_FILE = NotebowlMobileTests/Info.plist;
				IPHONEOS_DEPLOYMENT_TARGET = 12.0;
				LD_RUNPATH_SEARCH_PATHS = "$(inherited) @executable_path/Frameworks @loader_path/Frameworks";
				MTL_FAST_MATH = YES;
				PRODUCT_BUNDLE_IDENTIFIER = com.notebowl.NotebowlMobileTests;
				PRODUCT_NAME = "$(TARGET_NAME)";
				SWIFT_OPTIMIZATION_LEVEL = "-O";
				SWIFT_VERSION = 4.0;
				TARGETED_DEVICE_FAMILY = "1,2";
				TEST_HOST = "$(BUILT_PRODUCTS_DIR)/Notebowl Mobile.app/Notebowl Mobile";
			};
			name = Staging;
		};
		8522D06420FE816400BCBD88 /* Release */ = {
			isa = XCBuildConfiguration;
			buildSettings = {
				BUNDLE_LOADER = "$(TEST_HOST)";
				CLANG_ENABLE_OBJC_WEAK = YES;
				CODE_SIGN_STYLE = Automatic;
				DEVELOPMENT_TEAM = 8M84348K8B;
				INFOPLIST_FILE = NotebowlMobileTests/Info.plist;
				IPHONEOS_DEPLOYMENT_TARGET = 12.0;
				LD_RUNPATH_SEARCH_PATHS = "$(inherited) @executable_path/Frameworks @loader_path/Frameworks";
				MTL_FAST_MATH = YES;
				PRODUCT_BUNDLE_IDENTIFIER = com.notebowl.NotebowlMobileTests;
				PRODUCT_NAME = "$(TARGET_NAME)";
				SWIFT_OPTIMIZATION_LEVEL = "-O";
				SWIFT_VERSION = 4.0;
				TARGETED_DEVICE_FAMILY = "1,2";
				TEST_HOST = "$(BUILT_PRODUCTS_DIR)/Notebowl Mobile.app/Notebowl Mobile";
			};
			name = Release;
		};
		8522D06520FE816400BCBD88 /* TestFlight */ = {
			isa = XCBuildConfiguration;
			buildSettings = {
				BUNDLE_LOADER = "$(TEST_HOST)";
				CLANG_ENABLE_OBJC_WEAK = YES;
				CODE_SIGN_STYLE = Automatic;
				DEVELOPMENT_TEAM = 8M84348K8B;
				INFOPLIST_FILE = NotebowlMobileTests/Info.plist;
				IPHONEOS_DEPLOYMENT_TARGET = 12.0;
				LD_RUNPATH_SEARCH_PATHS = "$(inherited) @executable_path/Frameworks @loader_path/Frameworks";
				MTL_FAST_MATH = YES;
				PRODUCT_BUNDLE_IDENTIFIER = com.notebowl.NotebowlMobileTests;
				PRODUCT_NAME = "$(TARGET_NAME)";
				SWIFT_OPTIMIZATION_LEVEL = "-O";
				SWIFT_VERSION = 4.0;
				TARGETED_DEVICE_FAMILY = "1,2";
				TEST_HOST = "$(BUILT_PRODUCTS_DIR)/Notebowl Mobile.app/Notebowl Mobile";
			};
			name = TestFlight;
		};
		85774A5620759BFF001CF45A /* TestFlight */ = {
			isa = XCBuildConfiguration;
			buildSettings = {
				ALWAYS_SEARCH_USER_PATHS = NO;
				ARCHS = arm64;
				CLANG_ANALYZER_NONNULL = YES;
				CLANG_ANALYZER_NUMBER_OBJECT_CONVERSION = YES_AGGRESSIVE;
				CLANG_CXX_LANGUAGE_STANDARD = "gnu++14";
				CLANG_CXX_LIBRARY = "libc++";
				CLANG_ENABLE_MODULES = YES;
				CLANG_ENABLE_OBJC_ARC = YES;
				CLANG_WARN_BLOCK_CAPTURE_AUTORELEASING = YES;
				CLANG_WARN_BOOL_CONVERSION = YES;
				CLANG_WARN_COMMA = YES;
				CLANG_WARN_CONSTANT_CONVERSION = YES;
				CLANG_WARN_DEPRECATED_OBJC_IMPLEMENTATIONS = YES;
				CLANG_WARN_DIRECT_OBJC_ISA_USAGE = YES_ERROR;
				CLANG_WARN_DOCUMENTATION_COMMENTS = YES;
				CLANG_WARN_EMPTY_BODY = YES;
				CLANG_WARN_ENUM_CONVERSION = YES;
				CLANG_WARN_INFINITE_RECURSION = YES;
				CLANG_WARN_INT_CONVERSION = YES;
				CLANG_WARN_NON_LITERAL_NULL_CONVERSION = YES;
				CLANG_WARN_OBJC_IMPLICIT_RETAIN_SELF = YES;
				CLANG_WARN_OBJC_LITERAL_CONVERSION = YES;
				CLANG_WARN_OBJC_ROOT_CLASS = YES_ERROR;
				CLANG_WARN_RANGE_LOOP_ANALYSIS = YES;
				CLANG_WARN_STRICT_PROTOTYPES = YES;
				CLANG_WARN_SUSPICIOUS_MOVE = YES;
				CLANG_WARN_UNGUARDED_AVAILABILITY = YES_AGGRESSIVE;
				CLANG_WARN_UNREACHABLE_CODE = YES;
				CLANG_WARN__DUPLICATE_METHOD_MATCH = YES;
				CODE_SIGN_IDENTITY = "iPhone Developer";
				COPY_PHASE_STRIP = NO;
				DEBUG_INFORMATION_FORMAT = "dwarf-with-dsym";
				ENABLE_BITCODE = NO;
				ENABLE_NS_ASSERTIONS = NO;
				ENABLE_STRICT_OBJC_MSGSEND = YES;
				GCC_C_LANGUAGE_STANDARD = gnu11;
				GCC_NO_COMMON_BLOCKS = YES;
				GCC_WARN_64_TO_32_BIT_CONVERSION = YES;
				GCC_WARN_ABOUT_RETURN_TYPE = YES_ERROR;
				GCC_WARN_UNDECLARED_SELECTOR = YES;
				GCC_WARN_UNINITIALIZED_AUTOS = YES_AGGRESSIVE;
				GCC_WARN_UNUSED_FUNCTION = YES;
				GCC_WARN_UNUSED_VARIABLE = YES;
				IPHONEOS_DEPLOYMENT_TARGET = 11.0;
				MTL_ENABLE_DEBUG_INFO = NO;
				SDKROOT = iphoneos;
				SWIFT_COMPILATION_MODE = wholemodule;
				SWIFT_OPTIMIZATION_LEVEL = "-Onone";
				SWIFT_VERSION = "";
				VALIDATE_PRODUCT = YES;
				VALID_ARCHS = arm64;
			};
			name = TestFlight;
		};
		85774A5720759BFF001CF45A /* TestFlight */ = {
			isa = XCBuildConfiguration;
			baseConfigurationReference = 4BD64539E8C35D15042B5A30 /* Pods-Notebowl Mobile.testflight.xcconfig */;
			buildSettings = {
				API_BASE_URL_ENDPOINT = platform.notebowl.com;
				ARCHS = arm64;
				ASSETCATALOG_COMPILER_APPICON_NAME = AppIcon;
				CLANG_ENABLE_MODULES = YES;
				CODE_SIGN_ENTITLEMENTS = "Notebowl Mobile/Support Files/Notebowl Mobile.entitlements";
				"CODE_SIGN_IDENTITY[sdk=iphoneos*]" = "iPhone Distribution";
				CODE_SIGN_STYLE = Manual;
				CURRENT_PROJECT_VERSION = 1613000;
				DEFINES_MODULE = NO;
				DEVELOPMENT_TEAM = 8M84348K8B;
				ENABLE_BITCODE = NO;
				FRAMEWORK_SEARCH_PATHS = (
					"$(inherited)",
					"$(PROJECT_DIR)",
					"$(PROJECT_DIR)/Notebowl\\ Mobile/Libraries",
					"$(PROJECT_DIR)/Notebowl\\ Mobile/Libraries",
					"$(PROJECT_DIR)/Notebowl\\ Mobile/Libraries",
					"$(PROJECT_DIR)/Notebowl\\ Mobile/Libraries",
				);
				INFOPLIST_FILE = "Notebowl Mobile/Info.plist";
				LD_RUNPATH_SEARCH_PATHS = "$(inherited) @executable_path/Frameworks /Library/Developer/Toolchains/swift-4.1.2-RELEASE.xctoolchain/usr/lib/swift/iphonesimulator";
				PRODUCT_BUNDLE_IDENTIFIER = com.notebowl.standalone;
				PRODUCT_NAME = "$(TARGET_NAME)";
				PROVISIONING_PROFILE = "7845eda2-ccc0-471d-94ab-41ec37de7a50";
				PROVISIONING_PROFILE_SPECIFIER = "NB Standalone Ad Hoc Distribution";
				SWIFT_OBJC_BRIDGING_HEADER = "Notebowl Mobile/Notebowl-Mobile-Bridging-Header.h";
				SWIFT_OPTIMIZATION_LEVEL = "-Onone";
				SWIFT_VERSION = 4.0;
				TARGETED_DEVICE_FAMILY = "1,2";
				VERSIONING_SYSTEM = "apple-generic";
			};
			name = TestFlight;
		};
		85774A5A20759C0F001CF45A /* Staging */ = {
			isa = XCBuildConfiguration;
			buildSettings = {
				ALWAYS_SEARCH_USER_PATHS = NO;
				ARCHS = arm64;
				CLANG_ANALYZER_NONNULL = YES;
				CLANG_ANALYZER_NUMBER_OBJECT_CONVERSION = YES_AGGRESSIVE;
				CLANG_CXX_LANGUAGE_STANDARD = "gnu++14";
				CLANG_CXX_LIBRARY = "libc++";
				CLANG_ENABLE_MODULES = YES;
				CLANG_ENABLE_OBJC_ARC = YES;
				CLANG_WARN_BLOCK_CAPTURE_AUTORELEASING = YES;
				CLANG_WARN_BOOL_CONVERSION = YES;
				CLANG_WARN_COMMA = YES;
				CLANG_WARN_CONSTANT_CONVERSION = YES;
				CLANG_WARN_DEPRECATED_OBJC_IMPLEMENTATIONS = YES;
				CLANG_WARN_DIRECT_OBJC_ISA_USAGE = YES_ERROR;
				CLANG_WARN_DOCUMENTATION_COMMENTS = YES;
				CLANG_WARN_EMPTY_BODY = YES;
				CLANG_WARN_ENUM_CONVERSION = YES;
				CLANG_WARN_INFINITE_RECURSION = YES;
				CLANG_WARN_INT_CONVERSION = YES;
				CLANG_WARN_NON_LITERAL_NULL_CONVERSION = YES;
				CLANG_WARN_OBJC_IMPLICIT_RETAIN_SELF = YES;
				CLANG_WARN_OBJC_LITERAL_CONVERSION = YES;
				CLANG_WARN_OBJC_ROOT_CLASS = YES_ERROR;
				CLANG_WARN_RANGE_LOOP_ANALYSIS = YES;
				CLANG_WARN_STRICT_PROTOTYPES = YES;
				CLANG_WARN_SUSPICIOUS_MOVE = YES;
				CLANG_WARN_UNGUARDED_AVAILABILITY = YES_AGGRESSIVE;
				CLANG_WARN_UNREACHABLE_CODE = YES;
				CLANG_WARN__DUPLICATE_METHOD_MATCH = YES;
				CODE_SIGN_IDENTITY = "iPhone Developer";
				COPY_PHASE_STRIP = NO;
				DEBUG_INFORMATION_FORMAT = dwarf;
				ENABLE_BITCODE = NO;
				ENABLE_STRICT_OBJC_MSGSEND = YES;
				ENABLE_TESTABILITY = YES;
				GCC_C_LANGUAGE_STANDARD = gnu11;
				GCC_DYNAMIC_NO_PIC = NO;
				GCC_NO_COMMON_BLOCKS = YES;
				GCC_OPTIMIZATION_LEVEL = 0;
				GCC_PREPROCESSOR_DEFINITIONS = (
					"DEBUG=1",
					"$(inherited)",
				);
				GCC_WARN_64_TO_32_BIT_CONVERSION = YES;
				GCC_WARN_ABOUT_RETURN_TYPE = YES_ERROR;
				GCC_WARN_UNDECLARED_SELECTOR = YES;
				GCC_WARN_UNINITIALIZED_AUTOS = YES_AGGRESSIVE;
				GCC_WARN_UNUSED_FUNCTION = YES;
				GCC_WARN_UNUSED_VARIABLE = YES;
				IPHONEOS_DEPLOYMENT_TARGET = 11.0;
				MTL_ENABLE_DEBUG_INFO = YES;
				ONLY_ACTIVE_ARCH = YES;
				SDKROOT = iphoneos;
				SWIFT_ACTIVE_COMPILATION_CONDITIONS = DEBUG;
				SWIFT_OPTIMIZATION_LEVEL = "-Onone";
				SWIFT_VERSION = "";
				VALID_ARCHS = arm64;
			};
			name = Staging;
		};
		85774A5B20759C0F001CF45A /* Staging */ = {
			isa = XCBuildConfiguration;
			baseConfigurationReference = EDFC7837F5A700769C68A0C2 /* Pods-Notebowl Mobile.staging.xcconfig */;
			buildSettings = {
				API_BASE_URL_ENDPOINT = demo.nbstage.com;
				ARCHS = arm64;
				ASSETCATALOG_COMPILER_APPICON_NAME = AppIcon;
				CLANG_ENABLE_MODULES = YES;
				CODE_SIGN_ENTITLEMENTS = "Notebowl Mobile/Support Files/Notebowl Mobile.entitlements";
				"CODE_SIGN_IDENTITY[sdk=iphoneos*]" = "iPhone Developer";
				CODE_SIGN_STYLE = Manual;
				CURRENT_PROJECT_VERSION = 1613000;
				DEFINES_MODULE = NO;
				DEVELOPMENT_TEAM = 8M84348K8B;
				ENABLE_BITCODE = NO;
				FRAMEWORK_SEARCH_PATHS = (
					"$(inherited)",
					"$(PROJECT_DIR)",
					"$(PROJECT_DIR)/Notebowl\\ Mobile/Libraries",
					"$(PROJECT_DIR)/Notebowl\\ Mobile/Libraries",
					"$(PROJECT_DIR)/Notebowl\\ Mobile/Libraries",
					"$(PROJECT_DIR)/Notebowl\\ Mobile/Libraries",
				);
				INFOPLIST_FILE = "Notebowl Mobile/Info.plist";
				LD_RUNPATH_SEARCH_PATHS = "$(inherited) @executable_path/Frameworks /Library/Developer/Toolchains/swift-4.1.2-RELEASE.xctoolchain/usr/lib/swift/iphonesimulator";
				PRODUCT_BUNDLE_IDENTIFIER = com.notebowl.standalone;
				PRODUCT_NAME = "$(TARGET_NAME)";
				PROVISIONING_PROFILE = "27fff1c4-2fc1-42d5-8b0a-cf2f5d0cf2e9";
				PROVISIONING_PROFILE_SPECIFIER = "NB Standalone DEV";
				SWIFT_OBJC_BRIDGING_HEADER = "Notebowl Mobile/Notebowl-Mobile-Bridging-Header.h";
				SWIFT_OPTIMIZATION_LEVEL = "-Onone";
				SWIFT_VERSION = 4.0;
				TARGETED_DEVICE_FAMILY = "1,2";
				VERSIONING_SYSTEM = "apple-generic";
			};
			name = Staging;
		};
		85774A5E20759C14001CF45A /* Prod */ = {
			isa = XCBuildConfiguration;
			buildSettings = {
				ALWAYS_SEARCH_USER_PATHS = NO;
				ARCHS = arm64;
				CLANG_ANALYZER_NONNULL = YES;
				CLANG_ANALYZER_NUMBER_OBJECT_CONVERSION = YES_AGGRESSIVE;
				CLANG_CXX_LANGUAGE_STANDARD = "gnu++14";
				CLANG_CXX_LIBRARY = "libc++";
				CLANG_ENABLE_MODULES = YES;
				CLANG_ENABLE_OBJC_ARC = YES;
				CLANG_WARN_BLOCK_CAPTURE_AUTORELEASING = YES;
				CLANG_WARN_BOOL_CONVERSION = YES;
				CLANG_WARN_COMMA = YES;
				CLANG_WARN_CONSTANT_CONVERSION = YES;
				CLANG_WARN_DEPRECATED_OBJC_IMPLEMENTATIONS = YES;
				CLANG_WARN_DIRECT_OBJC_ISA_USAGE = YES_ERROR;
				CLANG_WARN_DOCUMENTATION_COMMENTS = YES;
				CLANG_WARN_EMPTY_BODY = YES;
				CLANG_WARN_ENUM_CONVERSION = YES;
				CLANG_WARN_INFINITE_RECURSION = YES;
				CLANG_WARN_INT_CONVERSION = YES;
				CLANG_WARN_NON_LITERAL_NULL_CONVERSION = YES;
				CLANG_WARN_OBJC_IMPLICIT_RETAIN_SELF = YES;
				CLANG_WARN_OBJC_LITERAL_CONVERSION = YES;
				CLANG_WARN_OBJC_ROOT_CLASS = YES_ERROR;
				CLANG_WARN_RANGE_LOOP_ANALYSIS = YES;
				CLANG_WARN_STRICT_PROTOTYPES = YES;
				CLANG_WARN_SUSPICIOUS_MOVE = YES;
				CLANG_WARN_UNGUARDED_AVAILABILITY = YES_AGGRESSIVE;
				CLANG_WARN_UNREACHABLE_CODE = YES;
				CLANG_WARN__DUPLICATE_METHOD_MATCH = YES;
				CODE_SIGN_IDENTITY = "iPhone Developer";
				COPY_PHASE_STRIP = NO;
				DEBUG_INFORMATION_FORMAT = dwarf;
				ENABLE_BITCODE = NO;
				ENABLE_STRICT_OBJC_MSGSEND = YES;
				ENABLE_TESTABILITY = YES;
				GCC_C_LANGUAGE_STANDARD = gnu11;
				GCC_DYNAMIC_NO_PIC = NO;
				GCC_NO_COMMON_BLOCKS = YES;
				GCC_OPTIMIZATION_LEVEL = 0;
				GCC_PREPROCESSOR_DEFINITIONS = (
					"DEBUG=1",
					"$(inherited)",
				);
				GCC_WARN_64_TO_32_BIT_CONVERSION = YES;
				GCC_WARN_ABOUT_RETURN_TYPE = YES_ERROR;
				GCC_WARN_UNDECLARED_SELECTOR = YES;
				GCC_WARN_UNINITIALIZED_AUTOS = YES_AGGRESSIVE;
				GCC_WARN_UNUSED_FUNCTION = YES;
				GCC_WARN_UNUSED_VARIABLE = YES;
				IPHONEOS_DEPLOYMENT_TARGET = 11.0;
				MTL_ENABLE_DEBUG_INFO = YES;
				ONLY_ACTIVE_ARCH = YES;
				SDKROOT = iphoneos;
				SWIFT_ACTIVE_COMPILATION_CONDITIONS = DEBUG;
				SWIFT_OPTIMIZATION_LEVEL = "-Onone";
				SWIFT_VERSION = "";
				VALID_ARCHS = arm64;
			};
			name = Prod;
		};
		85774A5F20759C14001CF45A /* Prod */ = {
			isa = XCBuildConfiguration;
			baseConfigurationReference = 3E8127B27DA8552A052240A6 /* Pods-Notebowl Mobile.prod.xcconfig */;
			buildSettings = {
				API_BASE_URL_ENDPOINT = platform.notebowl.com;
				ARCHS = arm64;
				ASSETCATALOG_COMPILER_APPICON_NAME = AppIcon;
				CLANG_ENABLE_MODULES = YES;
				CODE_SIGN_ENTITLEMENTS = "Notebowl Mobile/Support Files/Notebowl Mobile.entitlements";
				"CODE_SIGN_IDENTITY[sdk=iphoneos*]" = "iPhone Developer";
				CODE_SIGN_STYLE = Manual;
				CURRENT_PROJECT_VERSION = 1613000;
				DEFINES_MODULE = NO;
				DEVELOPMENT_TEAM = 8M84348K8B;
				ENABLE_BITCODE = NO;
				FRAMEWORK_SEARCH_PATHS = (
					"$(inherited)",
					"$(PROJECT_DIR)",
					"$(PROJECT_DIR)/Notebowl\\ Mobile/Libraries",
					"$(PROJECT_DIR)/Notebowl\\ Mobile/Libraries",
					"$(PROJECT_DIR)/Notebowl\\ Mobile/Libraries",
					"$(PROJECT_DIR)/Notebowl\\ Mobile/Libraries",
				);
				INFOPLIST_FILE = "Notebowl Mobile/Info.plist";
				LD_RUNPATH_SEARCH_PATHS = "$(inherited) @executable_path/Frameworks /Library/Developer/Toolchains/swift-4.1.2-RELEASE.xctoolchain/usr/lib/swift/iphonesimulator";
				PRODUCT_BUNDLE_IDENTIFIER = com.notebowl.standalone;
				PRODUCT_NAME = "$(TARGET_NAME)";
				PROVISIONING_PROFILE = "b688d251-72c5-4838-86fc-28607af256ca";
				PROVISIONING_PROFILE_SPECIFIER = "NB Standalone DEV";
				SWIFT_OBJC_BRIDGING_HEADER = "Notebowl Mobile/Notebowl-Mobile-Bridging-Header.h";
				SWIFT_OPTIMIZATION_LEVEL = "-Onone";
				SWIFT_VERSION = 4.0;
				TARGETED_DEVICE_FAMILY = "1,2";
				VERSIONING_SYSTEM = "apple-generic";
			};
			name = Prod;
		};
		85E291B31F5F619400172C46 /* Debug */ = {
			isa = XCBuildConfiguration;
			buildSettings = {
				ALWAYS_SEARCH_USER_PATHS = NO;
				ARCHS = arm64;
				CLANG_ANALYZER_NONNULL = YES;
				CLANG_ANALYZER_NUMBER_OBJECT_CONVERSION = YES_AGGRESSIVE;
				CLANG_CXX_LANGUAGE_STANDARD = "gnu++14";
				CLANG_CXX_LIBRARY = "libc++";
				CLANG_ENABLE_MODULES = YES;
				CLANG_ENABLE_OBJC_ARC = YES;
				CLANG_WARN_BLOCK_CAPTURE_AUTORELEASING = YES;
				CLANG_WARN_BOOL_CONVERSION = YES;
				CLANG_WARN_COMMA = YES;
				CLANG_WARN_CONSTANT_CONVERSION = YES;
				CLANG_WARN_DEPRECATED_OBJC_IMPLEMENTATIONS = YES;
				CLANG_WARN_DIRECT_OBJC_ISA_USAGE = YES_ERROR;
				CLANG_WARN_DOCUMENTATION_COMMENTS = YES;
				CLANG_WARN_EMPTY_BODY = YES;
				CLANG_WARN_ENUM_CONVERSION = YES;
				CLANG_WARN_INFINITE_RECURSION = YES;
				CLANG_WARN_INT_CONVERSION = YES;
				CLANG_WARN_NON_LITERAL_NULL_CONVERSION = YES;
				CLANG_WARN_OBJC_IMPLICIT_RETAIN_SELF = YES;
				CLANG_WARN_OBJC_LITERAL_CONVERSION = YES;
				CLANG_WARN_OBJC_ROOT_CLASS = YES_ERROR;
				CLANG_WARN_RANGE_LOOP_ANALYSIS = YES;
				CLANG_WARN_STRICT_PROTOTYPES = YES;
				CLANG_WARN_SUSPICIOUS_MOVE = YES;
				CLANG_WARN_UNGUARDED_AVAILABILITY = YES_AGGRESSIVE;
				CLANG_WARN_UNREACHABLE_CODE = YES;
				CLANG_WARN__DUPLICATE_METHOD_MATCH = YES;
				CODE_SIGN_IDENTITY = "iPhone Developer";
				COPY_PHASE_STRIP = NO;
				DEBUG_INFORMATION_FORMAT = dwarf;
				ENABLE_BITCODE = NO;
				ENABLE_STRICT_OBJC_MSGSEND = YES;
				ENABLE_TESTABILITY = YES;
				GCC_C_LANGUAGE_STANDARD = gnu11;
				GCC_DYNAMIC_NO_PIC = NO;
				GCC_NO_COMMON_BLOCKS = YES;
				GCC_OPTIMIZATION_LEVEL = 0;
				GCC_PREPROCESSOR_DEFINITIONS = (
					"DEBUG=1",
					"$(inherited)",
				);
				GCC_WARN_64_TO_32_BIT_CONVERSION = YES;
				GCC_WARN_ABOUT_RETURN_TYPE = YES_ERROR;
				GCC_WARN_UNDECLARED_SELECTOR = YES;
				GCC_WARN_UNINITIALIZED_AUTOS = YES_AGGRESSIVE;
				GCC_WARN_UNUSED_FUNCTION = YES;
				GCC_WARN_UNUSED_VARIABLE = YES;
				IPHONEOS_DEPLOYMENT_TARGET = 11.0;
				MTL_ENABLE_DEBUG_INFO = YES;
				ONLY_ACTIVE_ARCH = NO;
				SDKROOT = iphoneos;
				SWIFT_ACTIVE_COMPILATION_CONDITIONS = DEBUG;
				SWIFT_OPTIMIZATION_LEVEL = "-Onone";
				SWIFT_VERSION = "";
				VALID_ARCHS = arm64;
			};
			name = Debug;
		};
		85E291B41F5F619400172C46 /* Release */ = {
			isa = XCBuildConfiguration;
			buildSettings = {
				ALWAYS_SEARCH_USER_PATHS = NO;
				ARCHS = arm64;
				CLANG_ANALYZER_NONNULL = YES;
				CLANG_ANALYZER_NUMBER_OBJECT_CONVERSION = YES_AGGRESSIVE;
				CLANG_CXX_LANGUAGE_STANDARD = "gnu++14";
				CLANG_CXX_LIBRARY = "libc++";
				CLANG_ENABLE_MODULES = YES;
				CLANG_ENABLE_OBJC_ARC = YES;
				CLANG_WARN_BLOCK_CAPTURE_AUTORELEASING = YES;
				CLANG_WARN_BOOL_CONVERSION = YES;
				CLANG_WARN_COMMA = YES;
				CLANG_WARN_CONSTANT_CONVERSION = YES;
				CLANG_WARN_DEPRECATED_OBJC_IMPLEMENTATIONS = YES;
				CLANG_WARN_DIRECT_OBJC_ISA_USAGE = YES_ERROR;
				CLANG_WARN_DOCUMENTATION_COMMENTS = YES;
				CLANG_WARN_EMPTY_BODY = YES;
				CLANG_WARN_ENUM_CONVERSION = YES;
				CLANG_WARN_INFINITE_RECURSION = YES;
				CLANG_WARN_INT_CONVERSION = YES;
				CLANG_WARN_NON_LITERAL_NULL_CONVERSION = YES;
				CLANG_WARN_OBJC_IMPLICIT_RETAIN_SELF = YES;
				CLANG_WARN_OBJC_LITERAL_CONVERSION = YES;
				CLANG_WARN_OBJC_ROOT_CLASS = YES_ERROR;
				CLANG_WARN_RANGE_LOOP_ANALYSIS = YES;
				CLANG_WARN_STRICT_PROTOTYPES = YES;
				CLANG_WARN_SUSPICIOUS_MOVE = YES;
				CLANG_WARN_UNGUARDED_AVAILABILITY = YES_AGGRESSIVE;
				CLANG_WARN_UNREACHABLE_CODE = YES;
				CLANG_WARN__DUPLICATE_METHOD_MATCH = YES;
				CODE_SIGN_IDENTITY = "iPhone Developer";
				COPY_PHASE_STRIP = NO;
				DEBUG_INFORMATION_FORMAT = "dwarf-with-dsym";
				ENABLE_BITCODE = NO;
				ENABLE_NS_ASSERTIONS = NO;
				ENABLE_STRICT_OBJC_MSGSEND = YES;
				GCC_C_LANGUAGE_STANDARD = gnu11;
				GCC_NO_COMMON_BLOCKS = YES;
				GCC_WARN_64_TO_32_BIT_CONVERSION = YES;
				GCC_WARN_ABOUT_RETURN_TYPE = YES_ERROR;
				GCC_WARN_UNDECLARED_SELECTOR = YES;
				GCC_WARN_UNINITIALIZED_AUTOS = YES_AGGRESSIVE;
				GCC_WARN_UNUSED_FUNCTION = YES;
				GCC_WARN_UNUSED_VARIABLE = YES;
				IPHONEOS_DEPLOYMENT_TARGET = 11.0;
				MTL_ENABLE_DEBUG_INFO = NO;
				SDKROOT = iphoneos;
				SWIFT_COMPILATION_MODE = wholemodule;
				SWIFT_OPTIMIZATION_LEVEL = "-Onone";
				SWIFT_VERSION = "";
				VALIDATE_PRODUCT = YES;
				VALID_ARCHS = arm64;
			};
			name = Release;
		};
		85E291B61F5F619400172C46 /* Debug */ = {
			isa = XCBuildConfiguration;
			baseConfigurationReference = 54079A7139C34E172088EEF6 /* Pods-Notebowl Mobile.debug.xcconfig */;
			buildSettings = {
				API_BASE_URL_ENDPOINT = demo.nbstage.com;
				ARCHS = arm64;
				ASSETCATALOG_COMPILER_APPICON_NAME = AppIcon;
				CLANG_ENABLE_MODULES = YES;
				CODE_SIGN_ENTITLEMENTS = "Notebowl Mobile/Support Files/Notebowl Mobile.entitlements";
				"CODE_SIGN_IDENTITY[sdk=iphoneos*]" = "iPhone Developer";
				CODE_SIGN_STYLE = Manual;
				CURRENT_PROJECT_VERSION = 1613000;
				DEFINES_MODULE = NO;
				DEVELOPMENT_TEAM = 8M84348K8B;
				ENABLE_BITCODE = NO;
				FRAMEWORK_SEARCH_PATHS = (
					"$(inherited)",
					"$(PROJECT_DIR)",
					"$(PROJECT_DIR)/Notebowl\\ Mobile/Libraries",
					"$(PROJECT_DIR)/Notebowl\\ Mobile/Libraries",
					"$(PROJECT_DIR)/Notebowl\\ Mobile/Libraries",
					"$(PROJECT_DIR)/Notebowl\\ Mobile/Libraries",
				);
				INFOPLIST_FILE = "Notebowl Mobile/Info.plist";
				LD_RUNPATH_SEARCH_PATHS = "$(inherited) @executable_path/Frameworks /Library/Developer/Toolchains/swift-4.1.2-RELEASE.xctoolchain/usr/lib/swift/iphonesimulator";
				PRODUCT_BUNDLE_IDENTIFIER = com.notebowl.standalone;
				PRODUCT_NAME = "$(TARGET_NAME)";
				PROVISIONING_PROFILE = "e288911d-7180-476b-ab8b-029d515c44cb";
				PROVISIONING_PROFILE_SPECIFIER = "NB Standalone DEV";
				SWIFT_OBJC_BRIDGING_HEADER = "Notebowl Mobile/Notebowl-Mobile-Bridging-Header.h";
				SWIFT_OPTIMIZATION_LEVEL = "-Onone";
				SWIFT_VERSION = 4.0;
				TARGETED_DEVICE_FAMILY = "1,2";
				VERSIONING_SYSTEM = "apple-generic";
			};
			name = Debug;
		};
		85E291B71F5F619400172C46 /* Release */ = {
			isa = XCBuildConfiguration;
			baseConfigurationReference = 410A296A3E39BFA455BC0756 /* Pods-Notebowl Mobile.release.xcconfig */;
			buildSettings = {
				API_BASE_URL_ENDPOINT = platform.notebowl.com;
				ARCHS = arm64;
				ASSETCATALOG_COMPILER_APPICON_NAME = AppIcon;
				CLANG_ENABLE_MODULES = YES;
				CODE_SIGN_ENTITLEMENTS = "Notebowl Mobile/Support Files/Notebowl Mobile.entitlements";
				"CODE_SIGN_IDENTITY[sdk=iphoneos*]" = "iPhone Distribution";
				CODE_SIGN_STYLE = Manual;
				CURRENT_PROJECT_VERSION = 1613000;
				DEFINES_MODULE = NO;
				DEVELOPMENT_TEAM = 8M84348K8B;
				ENABLE_BITCODE = NO;
				FRAMEWORK_SEARCH_PATHS = (
					"$(inherited)",
					"$(PROJECT_DIR)",
					"$(PROJECT_DIR)/Notebowl\\ Mobile/Libraries",
					"$(PROJECT_DIR)/Notebowl\\ Mobile/Libraries",
					"$(PROJECT_DIR)/Notebowl\\ Mobile/Libraries",
					"$(PROJECT_DIR)/Notebowl\\ Mobile/Libraries",
				);
				INFOPLIST_FILE = "Notebowl Mobile/Info.plist";
				LD_RUNPATH_SEARCH_PATHS = "$(inherited) @executable_path/Frameworks /Library/Developer/Toolchains/swift-4.1.2-RELEASE.xctoolchain/usr/lib/swift/iphonesimulator";
				PRODUCT_BUNDLE_IDENTIFIER = com.notebowl.standalone;
				PRODUCT_NAME = "$(TARGET_NAME)";
				PROVISIONING_PROFILE = "7845eda2-ccc0-471d-94ab-41ec37de7a50";
				PROVISIONING_PROFILE_SPECIFIER = "NB Standalone Ad Hoc Distribution";
				SWIFT_ACTIVE_COMPILATION_CONDITIONS = RELEASE;
				SWIFT_OBJC_BRIDGING_HEADER = "Notebowl Mobile/Notebowl-Mobile-Bridging-Header.h";
				SWIFT_OPTIMIZATION_LEVEL = "-Onone";
				SWIFT_VERSION = 4.0;
				TARGETED_DEVICE_FAMILY = "1,2";
				VERSIONING_SYSTEM = "apple-generic";
			};
			name = Release;
		};
/* End XCBuildConfiguration section */

/* Begin XCConfigurationList section */
		8522D05420FE7B2C00BCBD88 /* Build configuration list for PBXNativeTarget "NotebowlMobileUITests" */ = {
			isa = XCConfigurationList;
			buildConfigurations = (
				8522D04F20FE7B2C00BCBD88 /* Debug */,
				8522D05020FE7B2C00BCBD88 /* Prod */,
				8522D05120FE7B2C00BCBD88 /* Staging */,
				8522D05220FE7B2C00BCBD88 /* Release */,
				8522D05320FE7B2C00BCBD88 /* TestFlight */,
			);
			defaultConfigurationIsVisible = 0;
			defaultConfigurationName = Release;
		};
		8522D06020FE816400BCBD88 /* Build configuration list for PBXNativeTarget "NotebowlMobileTests" */ = {
			isa = XCConfigurationList;
			buildConfigurations = (
				8522D06120FE816400BCBD88 /* Debug */,
				8522D06220FE816400BCBD88 /* Prod */,
				8522D06320FE816400BCBD88 /* Staging */,
				8522D06420FE816400BCBD88 /* Release */,
				8522D06520FE816400BCBD88 /* TestFlight */,
			);
			defaultConfigurationIsVisible = 0;
			defaultConfigurationName = Release;
		};
		85E291881F5F619300172C46 /* Build configuration list for PBXProject "Notebowl Mobile" */ = {
			isa = XCConfigurationList;
			buildConfigurations = (
				85E291B31F5F619400172C46 /* Debug */,
				85774A5E20759C14001CF45A /* Prod */,
				85774A5A20759C0F001CF45A /* Staging */,
				85E291B41F5F619400172C46 /* Release */,
				85774A5620759BFF001CF45A /* TestFlight */,
			);
			defaultConfigurationIsVisible = 0;
			defaultConfigurationName = Release;
		};
		85E291B51F5F619400172C46 /* Build configuration list for PBXNativeTarget "Notebowl Mobile" */ = {
			isa = XCConfigurationList;
			buildConfigurations = (
				85E291B61F5F619400172C46 /* Debug */,
				85774A5F20759C14001CF45A /* Prod */,
				85774A5B20759C0F001CF45A /* Staging */,
				85E291B71F5F619400172C46 /* Release */,
				85774A5720759BFF001CF45A /* TestFlight */,
			);
			defaultConfigurationIsVisible = 0;
			defaultConfigurationName = Release;
		};
/* End XCConfigurationList section */
	};
	rootObject = 85E291851F5F619300172C46 /* Project object */;
}
