// !$*UTF8*$!
{
	archiveVersion = 1;
	classes = {
	};
	objectVersion = 48;
	objects = {

/* Begin PBXBuildFile section */
		6C014B677C7A0713C03A4200 /* Pods_NB_Mobile.framework in Frameworks */ = {isa = PBXBuildFile; fileRef = EF11D4BF43C7D60C2899982C /* Pods_NB_Mobile.framework */; };
		852D18981F673A1900BDA97B /* University.swift in Sources */ = {isa = PBXBuildFile; fileRef = 852D18971F673A1900BDA97B /* University.swift */; };
		852D189A1F67BC6300BDA97B /* User.swift in Sources */ = {isa = PBXBuildFile; fileRef = 852D18991F67BC6300BDA97B /* User.swift */; };
		85735AA21F71832700E277BC /* ErikViewController.swift in Sources */ = {isa = PBXBuildFile; fileRef = 85735AA11F71832700E277BC /* ErikViewController.swift */; };
		85735AA41F719C0500E277BC /* Siesta+SwiftyJSON.swift in Sources */ = {isa = PBXBuildFile; fileRef = 85735AA31F719C0400E277BC /* Siesta+SwiftyJSON.swift */; };
		85735AA81F71CB0800E277BC /* WKWebViewWrapper.swift in Sources */ = {isa = PBXBuildFile; fileRef = 85735AA71F71CB0800E277BC /* WKWebViewWrapper.swift */; };
		85AD5DBF1F6726DC00474B98 /* NoteBowlAPI.swift in Sources */ = {isa = PBXBuildFile; fileRef = 85AD5DBE1F6726DC00474B98 /* NoteBowlAPI.swift */; };
		85E08DEC1F705A0500624E61 /* TestViewController.swift in Sources */ = {isa = PBXBuildFile; fileRef = 85E08DEB1F705A0500624E61 /* TestViewController.swift */; };
		85E291911F5F619300172C46 /* AppDelegate.swift in Sources */ = {isa = PBXBuildFile; fileRef = 85E291901F5F619300172C46 /* AppDelegate.swift */; };
		85E291931F5F619300172C46 /* ViewController.swift in Sources */ = {isa = PBXBuildFile; fileRef = 85E291921F5F619300172C46 /* ViewController.swift */; };
		85E291961F5F619300172C46 /* Main.storyboard in Resources */ = {isa = PBXBuildFile; fileRef = 85E291941F5F619300172C46 /* Main.storyboard */; };
		85E291981F5F619300172C46 /* Assets.xcassets in Resources */ = {isa = PBXBuildFile; fileRef = 85E291971F5F619300172C46 /* Assets.xcassets */; };
		85E2919B1F5F619300172C46 /* LaunchScreen.storyboard in Resources */ = {isa = PBXBuildFile; fileRef = 85E291991F5F619300172C46 /* LaunchScreen.storyboard */; };
/* End PBXBuildFile section */

/* Begin PBXFileReference section */
		852D18971F673A1900BDA97B /* University.swift */ = {isa = PBXFileReference; lastKnownFileType = sourcecode.swift; path = University.swift; sourceTree = "<group>"; };
		852D18991F67BC6300BDA97B /* User.swift */ = {isa = PBXFileReference; lastKnownFileType = sourcecode.swift; path = User.swift; sourceTree = "<group>"; };
		85735AA11F71832700E277BC /* ErikViewController.swift */ = {isa = PBXFileReference; lastKnownFileType = sourcecode.swift; path = ErikViewController.swift; sourceTree = "<group>"; };
		85735AA31F719C0400E277BC /* Siesta+SwiftyJSON.swift */ = {isa = PBXFileReference; lastKnownFileType = sourcecode.swift; path = "Siesta+SwiftyJSON.swift"; sourceTree = "<group>"; };
		85735AA71F71CB0800E277BC /* WKWebViewWrapper.swift */ = {isa = PBXFileReference; lastKnownFileType = sourcecode.swift; path = WKWebViewWrapper.swift; sourceTree = "<group>"; };
		85AD5DBE1F6726DC00474B98 /* NoteBowlAPI.swift */ = {isa = PBXFileReference; lastKnownFileType = sourcecode.swift; path = NoteBowlAPI.swift; sourceTree = "<group>"; };
		85E08DEB1F705A0500624E61 /* TestViewController.swift */ = {isa = PBXFileReference; lastKnownFileType = sourcecode.swift; path = TestViewController.swift; sourceTree = "<group>"; };
		85E2918D1F5F619300172C46 /* NB-Mobile.app */ = {isa = PBXFileReference; explicitFileType = wrapper.application; includeInIndex = 0; path = "NB-Mobile.app"; sourceTree = BUILT_PRODUCTS_DIR; };
		85E291901F5F619300172C46 /* AppDelegate.swift */ = {isa = PBXFileReference; lastKnownFileType = sourcecode.swift; path = AppDelegate.swift; sourceTree = "<group>"; };
		85E291921F5F619300172C46 /* ViewController.swift */ = {isa = PBXFileReference; lastKnownFileType = sourcecode.swift; path = ViewController.swift; sourceTree = "<group>"; };
		85E291951F5F619300172C46 /* Base */ = {isa = PBXFileReference; lastKnownFileType = file.storyboard; name = Base; path = Base.lproj/Main.storyboard; sourceTree = "<group>"; };
		85E291971F5F619300172C46 /* Assets.xcassets */ = {isa = PBXFileReference; lastKnownFileType = folder.assetcatalog; path = Assets.xcassets; sourceTree = "<group>"; };
		85E2919A1F5F619300172C46 /* Base */ = {isa = PBXFileReference; lastKnownFileType = file.storyboard; name = Base; path = Base.lproj/LaunchScreen.storyboard; sourceTree = "<group>"; };
		85E2919C1F5F619300172C46 /* Info.plist */ = {isa = PBXFileReference; lastKnownFileType = text.plist.xml; path = Info.plist; sourceTree = "<group>"; };
		85E291A11F5F619300172C46 /* NB-MobileTests.xctest */ = {isa = PBXFileReference; explicitFileType = wrapper.cfbundle; includeInIndex = 0; path = "NB-MobileTests.xctest"; sourceTree = BUILT_PRODUCTS_DIR; };
		85E291AC1F5F619300172C46 /* NB-MobileUITests.xctest */ = {isa = PBXFileReference; explicitFileType = wrapper.cfbundle; includeInIndex = 0; path = "NB-MobileUITests.xctest"; sourceTree = BUILT_PRODUCTS_DIR; };
		8EA4B9585E3E077F8A700C3B /* Pods-NB-Mobile.debug.xcconfig */ = {isa = PBXFileReference; includeInIndex = 1; lastKnownFileType = text.xcconfig; name = "Pods-NB-Mobile.debug.xcconfig"; path = "Pods/Target Support Files/Pods-NB-Mobile/Pods-NB-Mobile.debug.xcconfig"; sourceTree = "<group>"; };
		D7B899D8A577A114EC8DB5D6 /* Pods-NB-Mobile.release.xcconfig */ = {isa = PBXFileReference; includeInIndex = 1; lastKnownFileType = text.xcconfig; name = "Pods-NB-Mobile.release.xcconfig"; path = "Pods/Target Support Files/Pods-NB-Mobile/Pods-NB-Mobile.release.xcconfig"; sourceTree = "<group>"; };
		EF11D4BF43C7D60C2899982C /* Pods_NB_Mobile.framework */ = {isa = PBXFileReference; explicitFileType = wrapper.framework; includeInIndex = 0; path = Pods_NB_Mobile.framework; sourceTree = BUILT_PRODUCTS_DIR; };
/* End PBXFileReference section */

/* Begin PBXFrameworksBuildPhase section */
		85E2918A1F5F619300172C46 /* Frameworks */ = {
			isa = PBXFrameworksBuildPhase;
			buildActionMask = 2147483647;
			files = (
				6C014B677C7A0713C03A4200 /* Pods_NB_Mobile.framework in Frameworks */,
			);
			runOnlyForDeploymentPostprocessing = 0;
		};
		85E2919E1F5F619300172C46 /* Frameworks */ = {
			isa = PBXFrameworksBuildPhase;
			buildActionMask = 2147483647;
			files = (
			);
			runOnlyForDeploymentPostprocessing = 0;
		};
		85E291A91F5F619300172C46 /* Frameworks */ = {
			isa = PBXFrameworksBuildPhase;
			buildActionMask = 2147483647;
			files = (
			);
			runOnlyForDeploymentPostprocessing = 0;
		};
/* End PBXFrameworksBuildPhase section */

/* Begin PBXGroup section */
		46B74E1CE70476650551376B /* Frameworks */ = {
			isa = PBXGroup;
			children = (
				EF11D4BF43C7D60C2899982C /* Pods_NB_Mobile.framework */,
			);
			name = Frameworks;
			sourceTree = "<group>";
		};
		6463A518FB6F150E6428F592 /* Pods */ = {
			isa = PBXGroup;
			children = (
				8EA4B9585E3E077F8A700C3B /* Pods-NB-Mobile.debug.xcconfig */,
				D7B899D8A577A114EC8DB5D6 /* Pods-NB-Mobile.release.xcconfig */,
			);
			name = Pods;
			sourceTree = "<group>";
		};
		852D18961F673A0A00BDA97B /* Models */ = {
			isa = PBXGroup;
			children = (
				852D18971F673A1900BDA97B /* University.swift */,
				852D18991F67BC6300BDA97B /* User.swift */,
			);
			path = Models;
			sourceTree = "<group>";
		};
		85AD5DBD1F6726BE00474B98 /* API */ = {
			isa = PBXGroup;
			children = (
				85AD5DBE1F6726DC00474B98 /* NoteBowlAPI.swift */,
				85735AA31F719C0400E277BC /* Siesta+SwiftyJSON.swift */,
			);
			path = API;
			sourceTree = "<group>";
		};
		85E291841F5F619300172C46 = {
			isa = PBXGroup;
			children = (
				85E2918F1F5F619300172C46 /* NB-Mobile */,
				85E2918E1F5F619300172C46 /* Products */,
				6463A518FB6F150E6428F592 /* Pods */,
				46B74E1CE70476650551376B /* Frameworks */,
			);
			sourceTree = "<group>";
		};
		85E2918E1F5F619300172C46 /* Products */ = {
			isa = PBXGroup;
			children = (
				85E2918D1F5F619300172C46 /* NB-Mobile.app */,
				85E291A11F5F619300172C46 /* NB-MobileTests.xctest */,
				85E291AC1F5F619300172C46 /* NB-MobileUITests.xctest */,
			);
			name = Products;
			sourceTree = "<group>";
		};
		85E2918F1F5F619300172C46 /* NB-Mobile */ = {
			isa = PBXGroup;
			children = (
				852D18961F673A0A00BDA97B /* Models */,
				85AD5DBD1F6726BE00474B98 /* API */,
				85E291901F5F619300172C46 /* AppDelegate.swift */,
				85E291921F5F619300172C46 /* ViewController.swift */,
				85E08DEB1F705A0500624E61 /* TestViewController.swift */,
				85735AA11F71832700E277BC /* ErikViewController.swift */,
				85735AA71F71CB0800E277BC /* WKWebViewWrapper.swift */,
				85E291941F5F619300172C46 /* Main.storyboard */,
				85E291971F5F619300172C46 /* Assets.xcassets */,
				85E291991F5F619300172C46 /* LaunchScreen.storyboard */,
				85E2919C1F5F619300172C46 /* Info.plist */,
			);
			path = "NB-Mobile";
			sourceTree = "<group>";
		};
/* End PBXGroup section */

/* Begin PBXNativeTarget section */
		85E2918C1F5F619300172C46 /* NB-Mobile */ = {
			isa = PBXNativeTarget;
			buildConfigurationList = 85E291B51F5F619400172C46 /* Build configuration list for PBXNativeTarget "NB-Mobile" */;
			buildPhases = (
				4C28E457EE249ED0D8D7C4B8 /* [CP] Check Pods Manifest.lock */,
				85E291891F5F619300172C46 /* Sources */,
				85E2918A1F5F619300172C46 /* Frameworks */,
				85E2918B1F5F619300172C46 /* Resources */,
				BF85F58EBA86BFF308FA1D39 /* [CP] Embed Pods Frameworks */,
				646F7DE20B9EB370A737FCD1 /* [CP] Copy Pods Resources */,
			);
			buildRules = (
			);
			dependencies = (
			);
			name = "NB-Mobile";
			productName = "NB-Mobile";
			productReference = 85E2918D1F5F619300172C46 /* NB-Mobile.app */;
			productType = "com.apple.product-type.application";
		};
		85E291A01F5F619300172C46 /* NB-MobileTests */ = {
			isa = PBXNativeTarget;
			buildConfigurationList = 85E291B81F5F619400172C46 /* Build configuration list for PBXNativeTarget "NB-MobileTests" */;
			buildPhases = (
				85E2919D1F5F619300172C46 /* Sources */,
				85E2919E1F5F619300172C46 /* Frameworks */,
				85E2919F1F5F619300172C46 /* Resources */,
			);
			buildRules = (
			);
			dependencies = (
			);
			name = "NB-MobileTests";
			productName = "NB-MobileTests";
			productReference = 85E291A11F5F619300172C46 /* NB-MobileTests.xctest */;
			productType = "com.apple.product-type.bundle.unit-test";
		};
		85E291AB1F5F619300172C46 /* NB-MobileUITests */ = {
			isa = PBXNativeTarget;
			buildConfigurationList = 85E291BB1F5F619400172C46 /* Build configuration list for PBXNativeTarget "NB-MobileUITests" */;
			buildPhases = (
				85E291A81F5F619300172C46 /* Sources */,
				85E291A91F5F619300172C46 /* Frameworks */,
				85E291AA1F5F619300172C46 /* Resources */,
			);
			buildRules = (
			);
			dependencies = (
			);
			name = "NB-MobileUITests";
			productName = "NB-MobileUITests";
			productReference = 85E291AC1F5F619300172C46 /* NB-MobileUITests.xctest */;
			productType = "com.apple.product-type.bundle.ui-testing";
		};
/* End PBXNativeTarget section */

/* Begin PBXProject section */
		85E291851F5F619300172C46 /* Project object */ = {
			isa = PBXProject;
			attributes = {
				LastSwiftUpdateCheck = 0900;
				LastUpgradeCheck = 0900;
				ORGANIZATIONNAME = NoteBowl;
				TargetAttributes = {
					85E2918C1F5F619300172C46 = {
						CreatedOnToolsVersion = 9.0;
						ProvisioningStyle = Automatic;
					};
					85E291A01F5F619300172C46 = {
						CreatedOnToolsVersion = 9.0;
						ProvisioningStyle = Automatic;
					};
					85E291AB1F5F619300172C46 = {
						CreatedOnToolsVersion = 9.0;
						ProvisioningStyle = Automatic;
					};
				};
			};
			buildConfigurationList = 85E291881F5F619300172C46 /* Build configuration list for PBXProject "NB-Mobile" */;
			compatibilityVersion = "Xcode 8.0";
			developmentRegion = en;
			hasScannedForEncodings = 0;
			knownRegions = (
				en,
				Base,
			);
			mainGroup = 85E291841F5F619300172C46;
			productRefGroup = 85E2918E1F5F619300172C46 /* Products */;
			projectDirPath = "";
			projectRoot = "";
			targets = (
				85E2918C1F5F619300172C46 /* NB-Mobile */,
				85E291A01F5F619300172C46 /* NB-MobileTests */,
				85E291AB1F5F619300172C46 /* NB-MobileUITests */,
			);
		};
/* End PBXProject section */

/* Begin PBXResourcesBuildPhase section */
		85E2918B1F5F619300172C46 /* Resources */ = {
			isa = PBXResourcesBuildPhase;
			buildActionMask = 2147483647;
			files = (
				85E2919B1F5F619300172C46 /* LaunchScreen.storyboard in Resources */,
				85E291981F5F619300172C46 /* Assets.xcassets in Resources */,
				85E291961F5F619300172C46 /* Main.storyboard in Resources */,
			);
			runOnlyForDeploymentPostprocessing = 0;
		};
		85E2919F1F5F619300172C46 /* Resources */ = {
			isa = PBXResourcesBuildPhase;
			buildActionMask = 2147483647;
			files = (
			);
			runOnlyForDeploymentPostprocessing = 0;
		};
		85E291AA1F5F619300172C46 /* Resources */ = {
			isa = PBXResourcesBuildPhase;
			buildActionMask = 2147483647;
			files = (
			);
			runOnlyForDeploymentPostprocessing = 0;
		};
/* End PBXResourcesBuildPhase section */

/* Begin PBXShellScriptBuildPhase section */
		4C28E457EE249ED0D8D7C4B8 /* [CP] Check Pods Manifest.lock */ = {
			isa = PBXShellScriptBuildPhase;
			buildActionMask = 2147483647;
			files = (
			);
			inputPaths = (
				"${PODS_PODFILE_DIR_PATH}/Podfile.lock",
				"${PODS_ROOT}/Manifest.lock",
			);
			name = "[CP] Check Pods Manifest.lock";
			outputPaths = (
				"$(DERIVED_FILE_DIR)/Pods-NB-Mobile-checkManifestLockResult.txt",
			);
			runOnlyForDeploymentPostprocessing = 0;
			shellPath = /bin/sh;
			shellScript = "diff \"${PODS_PODFILE_DIR_PATH}/Podfile.lock\" \"${PODS_ROOT}/Manifest.lock\" > /dev/null\nif [ $? != 0 ] ; then\n    # print error to STDERR\n    echo \"error: The sandbox is not in sync with the Podfile.lock. Run 'pod install' or update your CocoaPods installation.\" >&2\n    exit 1\nfi\n# This output is used by Xcode 'outputs' to avoid re-running this script phase.\necho \"SUCCESS\" > \"${SCRIPT_OUTPUT_FILE_0}\"\n";
			showEnvVarsInLog = 0;
		};
		646F7DE20B9EB370A737FCD1 /* [CP] Copy Pods Resources */ = {
			isa = PBXShellScriptBuildPhase;
			buildActionMask = 2147483647;
			files = (
			);
			inputPaths = (
			);
			name = "[CP] Copy Pods Resources";
			outputPaths = (
			);
			runOnlyForDeploymentPostprocessing = 0;
			shellPath = /bin/sh;
			shellScript = "\"${SRCROOT}/Pods/Target Support Files/Pods-NB-Mobile/Pods-NB-Mobile-resources.sh\"\n";
			showEnvVarsInLog = 0;
		};
		BF85F58EBA86BFF308FA1D39 /* [CP] Embed Pods Frameworks */ = {
			isa = PBXShellScriptBuildPhase;
			buildActionMask = 2147483647;
			files = (
			);
			inputPaths = (
				"${SRCROOT}/Pods/Target Support Files/Pods-NB-Mobile/Pods-NB-Mobile-frameworks.sh",
				"${BUILT_PRODUCTS_DIR}/Alamofire/Alamofire.framework",
				"${BUILT_PRODUCTS_DIR}/DeviceKit/DeviceKit.framework",
				"${BUILT_PRODUCTS_DIR}/Siesta/Siesta.framework",
				"${BUILT_PRODUCTS_DIR}/SwiftyJSON/SwiftyJSON.framework",
				"${BUILT_PRODUCTS_DIR}/WKZombie/WKZombie.framework",
				"${BUILT_PRODUCTS_DIR}/hpple/hpple.framework",
			);
			name = "[CP] Embed Pods Frameworks";
			outputPaths = (
				"${TARGET_BUILD_DIR}/${FRAMEWORKS_FOLDER_PATH}/Alamofire.framework",
				"${TARGET_BUILD_DIR}/${FRAMEWORKS_FOLDER_PATH}/DeviceKit.framework",
				"${TARGET_BUILD_DIR}/${FRAMEWORKS_FOLDER_PATH}/Siesta.framework",
				"${TARGET_BUILD_DIR}/${FRAMEWORKS_FOLDER_PATH}/SwiftyJSON.framework",
				"${TARGET_BUILD_DIR}/${FRAMEWORKS_FOLDER_PATH}/WKZombie.framework",
				"${TARGET_BUILD_DIR}/${FRAMEWORKS_FOLDER_PATH}/hpple.framework",
			);
			runOnlyForDeploymentPostprocessing = 0;
			shellPath = /bin/sh;
			shellScript = "\"${SRCROOT}/Pods/Target Support Files/Pods-NB-Mobile/Pods-NB-Mobile-frameworks.sh\"\n";
			showEnvVarsInLog = 0;
		};
/* End PBXShellScriptBuildPhase section */

/* Begin PBXSourcesBuildPhase section */
		85E291891F5F619300172C46 /* Sources */ = {
			isa = PBXSourcesBuildPhase;
			buildActionMask = 2147483647;
			files = (
				85E291931F5F619300172C46 /* ViewController.swift in Sources */,
				85E291911F5F619300172C46 /* AppDelegate.swift in Sources */,
				85AD5DBF1F6726DC00474B98 /* NoteBowlAPI.swift in Sources */,
				852D18981F673A1900BDA97B /* University.swift in Sources */,
				85735AA41F719C0500E277BC /* Siesta+SwiftyJSON.swift in Sources */,
				85E08DEC1F705A0500624E61 /* TestViewController.swift in Sources */,
				85735AA21F71832700E277BC /* ErikViewController.swift in Sources */,
				852D189A1F67BC6300BDA97B /* User.swift in Sources */,
				85735AA81F71CB0800E277BC /* WKWebViewWrapper.swift in Sources */,
			);
			runOnlyForDeploymentPostprocessing = 0;
		};
		85E2919D1F5F619300172C46 /* Sources */ = {
			isa = PBXSourcesBuildPhase;
			buildActionMask = 2147483647;
			files = (
			);
			runOnlyForDeploymentPostprocessing = 0;
		};
		85E291A81F5F619300172C46 /* Sources */ = {
			isa = PBXSourcesBuildPhase;
			buildActionMask = 2147483647;
			files = (
			);
			runOnlyForDeploymentPostprocessing = 0;
		};
/* End PBXSourcesBuildPhase section */

/* Begin PBXVariantGroup section */
		85E291941F5F619300172C46 /* Main.storyboard */ = {
			isa = PBXVariantGroup;
			children = (
				85E291951F5F619300172C46 /* Base */,
			);
			name = Main.storyboard;
			sourceTree = "<group>";
		};
		85E291991F5F619300172C46 /* LaunchScreen.storyboard */ = {
			isa = PBXVariantGroup;
			children = (
				85E2919A1F5F619300172C46 /* Base */,
			);
			name = LaunchScreen.storyboard;
			sourceTree = "<group>";
		};
/* End PBXVariantGroup section */

/* Begin XCBuildConfiguration section */
		85E291B31F5F619400172C46 /* Debug */ = {
			isa = XCBuildConfiguration;
			buildSettings = {
				ALWAYS_SEARCH_USER_PATHS = NO;
				CLANG_ANALYZER_NONNULL = YES;
				CLANG_ANALYZER_NUMBER_OBJECT_CONVERSION = YES_AGGRESSIVE;
				CLANG_CXX_LANGUAGE_STANDARD = "gnu++14";
				CLANG_CXX_LIBRARY = "libc++";
				CLANG_ENABLE_MODULES = YES;
				CLANG_ENABLE_OBJC_ARC = YES;
				CLANG_WARN_BLOCK_CAPTURE_AUTORELEASING = YES;
				CLANG_WARN_BOOL_CONVERSION = YES;
				CLANG_WARN_COMMA = YES;
				CLANG_WARN_CONSTANT_CONVERSION = YES;
				CLANG_WARN_DIRECT_OBJC_ISA_USAGE = YES_ERROR;
				CLANG_WARN_DOCUMENTATION_COMMENTS = YES;
				CLANG_WARN_EMPTY_BODY = YES;
				CLANG_WARN_ENUM_CONVERSION = YES;
				CLANG_WARN_INFINITE_RECURSION = YES;
				CLANG_WARN_INT_CONVERSION = YES;
				CLANG_WARN_NON_LITERAL_NULL_CONVERSION = YES;
				CLANG_WARN_OBJC_LITERAL_CONVERSION = YES;
				CLANG_WARN_OBJC_ROOT_CLASS = YES_ERROR;
				CLANG_WARN_RANGE_LOOP_ANALYSIS = YES;
				CLANG_WARN_STRICT_PROTOTYPES = YES;
				CLANG_WARN_SUSPICIOUS_MOVE = YES;
				CLANG_WARN_UNGUARDED_AVAILABILITY = YES_AGGRESSIVE;
				CLANG_WARN_UNREACHABLE_CODE = YES;
				CLANG_WARN__DUPLICATE_METHOD_MATCH = YES;
				CODE_SIGN_IDENTITY = "iPhone Developer";
				COPY_PHASE_STRIP = NO;
				DEBUG_INFORMATION_FORMAT = dwarf;
				ENABLE_STRICT_OBJC_MSGSEND = YES;
				ENABLE_TESTABILITY = NO;
				GCC_C_LANGUAGE_STANDARD = gnu11;
				GCC_DYNAMIC_NO_PIC = NO;
				GCC_NO_COMMON_BLOCKS = YES;
				GCC_OPTIMIZATION_LEVEL = 0;
				GCC_PREPROCESSOR_DEFINITIONS = (
					"DEBUG=1",
					"$(inherited)",
				);
				GCC_WARN_64_TO_32_BIT_CONVERSION = YES;
				GCC_WARN_ABOUT_RETURN_TYPE = YES_ERROR;
				GCC_WARN_UNDECLARED_SELECTOR = YES;
				GCC_WARN_UNINITIALIZED_AUTOS = YES_AGGRESSIVE;
				GCC_WARN_UNUSED_FUNCTION = YES;
				GCC_WARN_UNUSED_VARIABLE = YES;
				IPHONEOS_DEPLOYMENT_TARGET = 11.0;
				MTL_ENABLE_DEBUG_INFO = YES;
				ONLY_ACTIVE_ARCH = YES;
				SDKROOT = iphoneos;
				SWIFT_ACTIVE_COMPILATION_CONDITIONS = DEBUG;
				SWIFT_OPTIMIZATION_LEVEL = "-Onone";
			};
			name = Debug;
		};
		85E291B41F5F619400172C46 /* Release */ = {
			isa = XCBuildConfiguration;
			buildSettings = {
				ALWAYS_SEARCH_USER_PATHS = NO;
				CLANG_ANALYZER_NONNULL = YES;
				CLANG_ANALYZER_NUMBER_OBJECT_CONVERSION = YES_AGGRESSIVE;
				CLANG_CXX_LANGUAGE_STANDARD = "gnu++14";
				CLANG_CXX_LIBRARY = "libc++";
				CLANG_ENABLE_MODULES = YES;
				CLANG_ENABLE_OBJC_ARC = YES;
				CLANG_WARN_BLOCK_CAPTURE_AUTORELEASING = YES;
				CLANG_WARN_BOOL_CONVERSION = YES;
				CLANG_WARN_COMMA = YES;
				CLANG_WARN_CONSTANT_CONVERSION = YES;
				CLANG_WARN_DIRECT_OBJC_ISA_USAGE = YES_ERROR;
				CLANG_WARN_DOCUMENTATION_COMMENTS = YES;
				CLANG_WARN_EMPTY_BODY = YES;
				CLANG_WARN_ENUM_CONVERSION = YES;
				CLANG_WARN_INFINITE_RECURSION = YES;
				CLANG_WARN_INT_CONVERSION = YES;
				CLANG_WARN_NON_LITERAL_NULL_CONVERSION = YES;
				CLANG_WARN_OBJC_LITERAL_CONVERSION = YES;
				CLANG_WARN_OBJC_ROOT_CLASS = YES_ERROR;
				CLANG_WARN_RANGE_LOOP_ANALYSIS = YES;
				CLANG_WARN_STRICT_PROTOTYPES = YES;
				CLANG_WARN_SUSPICIOUS_MOVE = YES;
				CLANG_WARN_UNGUARDED_AVAILABILITY = YES_AGGRESSIVE;
				CLANG_WARN_UNREACHABLE_CODE = YES;
				CLANG_WARN__DUPLICATE_METHOD_MATCH = YES;
				CODE_SIGN_IDENTITY = "iPhone Developer";
				COPY_PHASE_STRIP = NO;
				DEBUG_INFORMATION_FORMAT = "dwarf-with-dsym";
				ENABLE_NS_ASSERTIONS = NO;
				ENABLE_STRICT_OBJC_MSGSEND = YES;
				GCC_C_LANGUAGE_STANDARD = gnu11;
				GCC_NO_COMMON_BLOCKS = YES;
				GCC_WARN_64_TO_32_BIT_CONVERSION = YES;
				GCC_WARN_ABOUT_RETURN_TYPE = YES_ERROR;
				GCC_WARN_UNDECLARED_SELECTOR = YES;
				GCC_WARN_UNINITIALIZED_AUTOS = YES_AGGRESSIVE;
				GCC_WARN_UNUSED_FUNCTION = YES;
				GCC_WARN_UNUSED_VARIABLE = YES;
				IPHONEOS_DEPLOYMENT_TARGET = 11.0;
				MTL_ENABLE_DEBUG_INFO = NO;
				SDKROOT = iphoneos;
				SWIFT_OPTIMIZATION_LEVEL = "-Owholemodule";
				VALIDATE_PRODUCT = YES;
			};
			name = Release;
		};
		85E291B61F5F619400172C46 /* Debug */ = {
			isa = XCBuildConfiguration;
			baseConfigurationReference = 8EA4B9585E3E077F8A700C3B /* Pods-NB-Mobile.debug.xcconfig */;
			buildSettings = {
				ASSETCATALOG_COMPILER_APPICON_NAME = AppIcon;
				CODE_SIGN_STYLE = Automatic;
				DEVELOPMENT_TEAM = 8M84348K8B;
				INFOPLIST_FILE = "NB-Mobile/Info.plist";
				LD_RUNPATH_SEARCH_PATHS = "$(inherited) @executable_path/Frameworks";
				PRODUCT_BUNDLE_IDENTIFIER = "com.NoteBowl.NB-Mobile";
				PRODUCT_NAME = "$(TARGET_NAME)";
				SWIFT_VERSION = 4.0;
				TARGETED_DEVICE_FAMILY = "1,2";
			};
			name = Debug;
		};
		85E291B71F5F619400172C46 /* Release */ = {
			isa = XCBuildConfiguration;
			baseConfigurationReference = D7B899D8A577A114EC8DB5D6 /* Pods-NB-Mobile.release.xcconfig */;
			buildSettings = {
				ASSETCATALOG_COMPILER_APPICON_NAME = AppIcon;
				CODE_SIGN_STYLE = Automatic;
				DEVELOPMENT_TEAM = 8M84348K8B;
				INFOPLIST_FILE = "NB-Mobile/Info.plist";
				LD_RUNPATH_SEARCH_PATHS = "$(inherited) @executable_path/Frameworks";
				PRODUCT_BUNDLE_IDENTIFIER = "com.NoteBowl.NB-Mobile";
				PRODUCT_NAME = "$(TARGET_NAME)";
				SWIFT_VERSION = 4.0;
				TARGETED_DEVICE_FAMILY = "1,2";
			};
			name = Release;
		};
		85E291B91F5F619400172C46 /* Debug */ = {
			isa = XCBuildConfiguration;
			buildSettings = {
				ALWAYS_EMBED_SWIFT_STANDARD_LIBRARIES = YES;
				CODE_SIGN_STYLE = Automatic;
				DEVELOPMENT_TEAM = 8M84348K8B;
				INFOPLIST_FILE = "NB-MobileTests/Info.plist";
				LD_RUNPATH_SEARCH_PATHS = "$(inherited) @executable_path/Frameworks @loader_path/Frameworks";
				PRODUCT_BUNDLE_IDENTIFIER = "com.NoteBowl.NB-MobileTests";
				PRODUCT_NAME = "$(TARGET_NAME)";
				SWIFT_VERSION = 4.0;
				TARGETED_DEVICE_FAMILY = "1,2";
			};
			name = Debug;
		};
		85E291BA1F5F619400172C46 /* Release */ = {
			isa = XCBuildConfiguration;
			buildSettings = {
				ALWAYS_EMBED_SWIFT_STANDARD_LIBRARIES = YES;
				CODE_SIGN_STYLE = Automatic;
				DEVELOPMENT_TEAM = 8M84348K8B;
				INFOPLIST_FILE = "NB-MobileTests/Info.plist";
				LD_RUNPATH_SEARCH_PATHS = "$(inherited) @executable_path/Frameworks @loader_path/Frameworks";
				PRODUCT_BUNDLE_IDENTIFIER = "com.NoteBowl.NB-MobileTests";
				PRODUCT_NAME = "$(TARGET_NAME)";
				SWIFT_VERSION = 4.0;
				TARGETED_DEVICE_FAMILY = "1,2";
			};
			name = Release;
		};
		85E291BC1F5F619400172C46 /* Debug */ = {
			isa = XCBuildConfiguration;
			buildSettings = {
				ALWAYS_EMBED_SWIFT_STANDARD_LIBRARIES = YES;
				CODE_SIGN_STYLE = Automatic;
				DEVELOPMENT_TEAM = 8M84348K8B;
				INFOPLIST_FILE = "NB-MobileUITests/Info.plist";
				LD_RUNPATH_SEARCH_PATHS = "$(inherited) @executable_path/Frameworks @loader_path/Frameworks";
				PRODUCT_BUNDLE_IDENTIFIER = "com.NoteBowl.NB-MobileUITests";
				PRODUCT_NAME = "$(TARGET_NAME)";
				PROVISIONING_PROFILE = "";
				SWIFT_VERSION = 4.0;
				TARGETED_DEVICE_FAMILY = "1,2";
			};
			name = Debug;
		};
		85E291BD1F5F619400172C46 /* Release */ = {
			isa = XCBuildConfiguration;
			buildSettings = {
				ALWAYS_EMBED_SWIFT_STANDARD_LIBRARIES = YES;
				CODE_SIGN_STYLE = Automatic;
				DEVELOPMENT_TEAM = 8M84348K8B;
				INFOPLIST_FILE = "NB-MobileUITests/Info.plist";
				LD_RUNPATH_SEARCH_PATHS = "$(inherited) @executable_path/Frameworks @loader_path/Frameworks";
				PRODUCT_BUNDLE_IDENTIFIER = "com.NoteBowl.NB-MobileUITests";
				PRODUCT_NAME = "$(TARGET_NAME)";
				PROVISIONING_PROFILE = "";
				SWIFT_VERSION = 4.0;
				TARGETED_DEVICE_FAMILY = "1,2";
			};
			name = Release;
		};
/* End XCBuildConfiguration section */

/* Begin XCConfigurationList section */
		85E291881F5F619300172C46 /* Build configuration list for PBXProject "NB-Mobile" */ = {
			isa = XCConfigurationList;
			buildConfigurations = (
				85E291B31F5F619400172C46 /* Debug */,
				85E291B41F5F619400172C46 /* Release */,
			);
			defaultConfigurationIsVisible = 0;
			defaultConfigurationName = Release;
		};
		85E291B51F5F619400172C46 /* Build configuration list for PBXNativeTarget "NB-Mobile" */ = {
			isa = XCConfigurationList;
			buildConfigurations = (
				85E291B61F5F619400172C46 /* Debug */,
				85E291B71F5F619400172C46 /* Release */,
			);
			defaultConfigurationIsVisible = 0;
			defaultConfigurationName = Release;
		};
		85E291B81F5F619400172C46 /* Build configuration list for PBXNativeTarget "NB-MobileTests" */ = {
			isa = XCConfigurationList;
			buildConfigurations = (
				85E291B91F5F619400172C46 /* Debug */,
				85E291BA1F5F619400172C46 /* Release */,
			);
			defaultConfigurationIsVisible = 0;
			defaultConfigurationName = Release;
		};
		85E291BB1F5F619400172C46 /* Build configuration list for PBXNativeTarget "NB-MobileUITests" */ = {
			isa = XCConfigurationList;
			buildConfigurations = (
				85E291BC1F5F619400172C46 /* Debug */,
				85E291BD1F5F619400172C46 /* Release */,
			);
			defaultConfigurationIsVisible = 0;
			defaultConfigurationName = Release;
		};
/* End XCConfigurationList section */
	};
	rootObject = 85E291851F5F619300172C46 /* Project object */;
}
